// !$*UTF8*$!
{
	archiveVersion = 1;
	classes = {
	};
	objectVersion = 52;
	objects = {

/* Begin PBXBuildFile section */
		8B8D3A8596240DE7DD6A2D8E /* Pods_Vinder_VinderUITests.framework in Frameworks */ = {isa = PBXBuildFile; fileRef = 4ACC75685B6651D22C36B66D /* Pods_Vinder_VinderUITests.framework */; };
		BE8F7D6903D2C3656310EC1E /* Pods_VinderTests.framework in Frameworks */ = {isa = PBXBuildFile; fileRef = 182CEF2F6483381EE7ECA33C /* Pods_VinderTests.framework */; };
		C3530AD12A5B4174A991C067 /* Pods_Vinder.framework in Frameworks */ = {isa = PBXBuildFile; fileRef = FC214EDC9725446E99F97732 /* Pods_Vinder.framework */; };
		CD24420E235327AC00C357EE /* SwiftUIFlux in Frameworks */ = {isa = PBXBuildFile; productRef = CD24420D235327AC00C357EE /* SwiftUIFlux */; };
		CD24421223532D2800C357EE /* GoogleService-Info-2.plist in Resources */ = {isa = PBXBuildFile; fileRef = CD24421123532D2800C357EE /* GoogleService-Info-2.plist */; };
		CD24421323532D2800C357EE /* GoogleService-Info-2.plist in Resources */ = {isa = PBXBuildFile; fileRef = CD24421123532D2800C357EE /* GoogleService-Info-2.plist */; };
		CD24421423532D2800C357EE /* GoogleService-Info-2.plist in Resources */ = {isa = PBXBuildFile; fileRef = CD24421123532D2800C357EE /* GoogleService-Info-2.plist */; };
		CD24421723547FD600C357EE /* CRDMessage.swift in Sources */ = {isa = PBXBuildFile; fileRef = CD24421623547FD600C357EE /* CRDMessage.swift */; };
		CD24421B2354801C00C357EE /* Account.swift in Sources */ = {isa = PBXBuildFile; fileRef = CD24421A2354801C00C357EE /* Account.swift */; };
		CD24421D2354802B00C357EE /* Profile.swift in Sources */ = {isa = PBXBuildFile; fileRef = CD24421C2354802B00C357EE /* Profile.swift */; };
		CD24421F2354803900C357EE /* Conversation.swift in Sources */ = {isa = PBXBuildFile; fileRef = CD24421E2354803900C357EE /* Conversation.swift */; };
		CD2442212354804700C357EE /* Message.swift in Sources */ = {isa = PBXBuildFile; fileRef = CD2442202354804700C357EE /* Message.swift */; };
		CD2442232354976300C357EE /* MatchProfile.swift in Sources */ = {isa = PBXBuildFile; fileRef = CD2442222354976300C357EE /* MatchProfile.swift */; };
		CD2442252354997400C357EE /* Swiping.swift in Sources */ = {isa = PBXBuildFile; fileRef = CD2442242354997400C357EE /* Swiping.swift */; };
		CD24422823549C1300C357EE /* AudioRecorder.swift in Sources */ = {isa = PBXBuildFile; fileRef = CD24422723549C1300C357EE /* AudioRecorder.swift */; };
		CD6554AF2351B91900E6498A /* AppDelegate.swift in Sources */ = {isa = PBXBuildFile; fileRef = CD6554AE2351B91900E6498A /* AppDelegate.swift */; };
		CD6554B12351B91900E6498A /* SceneDelegate.swift in Sources */ = {isa = PBXBuildFile; fileRef = CD6554B02351B91900E6498A /* SceneDelegate.swift */; };
		CD6554B32351B91900E6498A /* ContentView.swift in Sources */ = {isa = PBXBuildFile; fileRef = CD6554B22351B91900E6498A /* ContentView.swift */; };
		CD6554B52351B91B00E6498A /* Assets.xcassets in Resources */ = {isa = PBXBuildFile; fileRef = CD6554B42351B91B00E6498A /* Assets.xcassets */; };
		CD6554B82351B91B00E6498A /* Preview Assets.xcassets in Resources */ = {isa = PBXBuildFile; fileRef = CD6554B72351B91B00E6498A /* Preview Assets.xcassets */; };
		CD6554BB2351B91B00E6498A /* LaunchScreen.storyboard in Resources */ = {isa = PBXBuildFile; fileRef = CD6554B92351B91B00E6498A /* LaunchScreen.storyboard */; };
		CD6554C62351B91B00E6498A /* VinderTests.swift in Sources */ = {isa = PBXBuildFile; fileRef = CD6554C52351B91B00E6498A /* VinderTests.swift */; };
		CD6554D12351B91B00E6498A /* VinderUITests.swift in Sources */ = {isa = PBXBuildFile; fileRef = CD6554D02351B91B00E6498A /* VinderUITests.swift */; };
		CD6554E42351D9CF00E6498A /* ProfilView.swift in Sources */ = {isa = PBXBuildFile; fileRef = CD6554E32351D9CF00E6498A /* ProfilView.swift */; };
		CD6554E623524D7C00E6498A /* ImageGallery.swift in Sources */ = {isa = PBXBuildFile; fileRef = CD6554E523524D7C00E6498A /* ImageGallery.swift */; };
		CD6554E82352533F00E6498A /* MatchesView.swift in Sources */ = {isa = PBXBuildFile; fileRef = CD6554E72352533F00E6498A /* MatchesView.swift */; };
		CD6554EA235256F900E6498A /* ConversationPreview.swift in Sources */ = {isa = PBXBuildFile; fileRef = CD6554E9235256F900E6498A /* ConversationPreview.swift */; };
		CD6554EC235258C900E6498A /* MatchesHome.swift in Sources */ = {isa = PBXBuildFile; fileRef = CD6554EB235258C900E6498A /* MatchesHome.swift */; };
		CD6554EE23525C5300E6498A /* SearchBar.swift in Sources */ = {isa = PBXBuildFile; fileRef = CD6554ED23525C5300E6498A /* SearchBar.swift */; };
/* End PBXBuildFile section */

/* Begin PBXContainerItemProxy section */
		CD6554C22351B91B00E6498A /* PBXContainerItemProxy */ = {
			isa = PBXContainerItemProxy;
			containerPortal = CD6554A32351B91900E6498A /* Project object */;
			proxyType = 1;
			remoteGlobalIDString = CD6554AA2351B91900E6498A;
			remoteInfo = Vinder;
		};
		CD6554CD2351B91B00E6498A /* PBXContainerItemProxy */ = {
			isa = PBXContainerItemProxy;
			containerPortal = CD6554A32351B91900E6498A /* Project object */;
			proxyType = 1;
			remoteGlobalIDString = CD6554AA2351B91900E6498A;
			remoteInfo = Vinder;
		};
/* End PBXContainerItemProxy section */

/* Begin PBXFileReference section */
		0285C5D141556E7D0906529C /* Pods-Vinder-VinderUITests.debug.xcconfig */ = {isa = PBXFileReference; includeInIndex = 1; lastKnownFileType = text.xcconfig; name = "Pods-Vinder-VinderUITests.debug.xcconfig"; path = "Target Support Files/Pods-Vinder-VinderUITests/Pods-Vinder-VinderUITests.debug.xcconfig"; sourceTree = "<group>"; };
		0BB4BDA681FB042E1838F992 /* Pods-VinderTests.debug.xcconfig */ = {isa = PBXFileReference; includeInIndex = 1; lastKnownFileType = text.xcconfig; name = "Pods-VinderTests.debug.xcconfig"; path = "Target Support Files/Pods-VinderTests/Pods-VinderTests.debug.xcconfig"; sourceTree = "<group>"; };
		182CEF2F6483381EE7ECA33C /* Pods_VinderTests.framework */ = {isa = PBXFileReference; explicitFileType = wrapper.framework; includeInIndex = 0; path = Pods_VinderTests.framework; sourceTree = BUILT_PRODUCTS_DIR; };
		4ACC75685B6651D22C36B66D /* Pods_Vinder_VinderUITests.framework */ = {isa = PBXFileReference; explicitFileType = wrapper.framework; includeInIndex = 0; path = Pods_Vinder_VinderUITests.framework; sourceTree = BUILT_PRODUCTS_DIR; };
		59CCEF8BD81E25EA9263963F /* Pods-Vinder.release.xcconfig */ = {isa = PBXFileReference; includeInIndex = 1; lastKnownFileType = text.xcconfig; name = "Pods-Vinder.release.xcconfig"; path = "Target Support Files/Pods-Vinder/Pods-Vinder.release.xcconfig"; sourceTree = "<group>"; };
		971FBF70B77F9A2E127214AF /* Pods-Vinder.debug.xcconfig */ = {isa = PBXFileReference; includeInIndex = 1; lastKnownFileType = text.xcconfig; name = "Pods-Vinder.debug.xcconfig"; path = "Target Support Files/Pods-Vinder/Pods-Vinder.debug.xcconfig"; sourceTree = "<group>"; };
		CD24421123532D2800C357EE /* GoogleService-Info-2.plist */ = {isa = PBXFileReference; fileEncoding = 4; lastKnownFileType = text.plist.xml; name = "GoogleService-Info-2.plist"; path = "../../../../../../Downloads/GoogleService-Info-2.plist"; sourceTree = "<group>"; };
		CD24421623547FD600C357EE /* CRDMessage.swift */ = {isa = PBXFileReference; lastKnownFileType = sourcecode.swift; path = CRDMessage.swift; sourceTree = "<group>"; };
		CD24421A2354801C00C357EE /* Account.swift */ = {isa = PBXFileReference; lastKnownFileType = sourcecode.swift; path = Account.swift; sourceTree = "<group>"; };
		CD24421C2354802B00C357EE /* Profile.swift */ = {isa = PBXFileReference; lastKnownFileType = sourcecode.swift; path = Profile.swift; sourceTree = "<group>"; };
		CD24421E2354803900C357EE /* Conversation.swift */ = {isa = PBXFileReference; lastKnownFileType = sourcecode.swift; path = Conversation.swift; sourceTree = "<group>"; };
		CD2442202354804700C357EE /* Message.swift */ = {isa = PBXFileReference; lastKnownFileType = sourcecode.swift; path = Message.swift; sourceTree = "<group>"; };
		CD2442222354976300C357EE /* MatchProfile.swift */ = {isa = PBXFileReference; lastKnownFileType = sourcecode.swift; path = MatchProfile.swift; sourceTree = "<group>"; };
		CD2442242354997400C357EE /* Swiping.swift */ = {isa = PBXFileReference; lastKnownFileType = sourcecode.swift; path = Swiping.swift; sourceTree = "<group>"; };
		CD24422723549C1300C357EE /* AudioRecorder.swift */ = {isa = PBXFileReference; lastKnownFileType = sourcecode.swift; path = AudioRecorder.swift; sourceTree = "<group>"; };
		CD6554AB2351B91900E6498A /* Vinder.app */ = {isa = PBXFileReference; explicitFileType = wrapper.application; includeInIndex = 0; path = Vinder.app; sourceTree = BUILT_PRODUCTS_DIR; };
		CD6554AE2351B91900E6498A /* AppDelegate.swift */ = {isa = PBXFileReference; lastKnownFileType = sourcecode.swift; path = AppDelegate.swift; sourceTree = "<group>"; };
		CD6554B02351B91900E6498A /* SceneDelegate.swift */ = {isa = PBXFileReference; lastKnownFileType = sourcecode.swift; path = SceneDelegate.swift; sourceTree = "<group>"; };
		CD6554B22351B91900E6498A /* ContentView.swift */ = {isa = PBXFileReference; lastKnownFileType = sourcecode.swift; path = ContentView.swift; sourceTree = "<group>"; };
		CD6554B42351B91B00E6498A /* Assets.xcassets */ = {isa = PBXFileReference; lastKnownFileType = folder.assetcatalog; path = Assets.xcassets; sourceTree = "<group>"; };
		CD6554B72351B91B00E6498A /* Preview Assets.xcassets */ = {isa = PBXFileReference; lastKnownFileType = folder.assetcatalog; path = "Preview Assets.xcassets"; sourceTree = "<group>"; };
		CD6554BA2351B91B00E6498A /* Base */ = {isa = PBXFileReference; lastKnownFileType = file.storyboard; name = Base; path = Base.lproj/LaunchScreen.storyboard; sourceTree = "<group>"; };
		CD6554BC2351B91B00E6498A /* Info.plist */ = {isa = PBXFileReference; lastKnownFileType = text.plist.xml; path = Info.plist; sourceTree = "<group>"; };
		CD6554C12351B91B00E6498A /* VinderTests.xctest */ = {isa = PBXFileReference; explicitFileType = wrapper.cfbundle; includeInIndex = 0; path = VinderTests.xctest; sourceTree = BUILT_PRODUCTS_DIR; };
		CD6554C52351B91B00E6498A /* VinderTests.swift */ = {isa = PBXFileReference; lastKnownFileType = sourcecode.swift; path = VinderTests.swift; sourceTree = "<group>"; };
		CD6554C72351B91B00E6498A /* Info.plist */ = {isa = PBXFileReference; lastKnownFileType = text.plist.xml; path = Info.plist; sourceTree = "<group>"; };
		CD6554CC2351B91B00E6498A /* VinderUITests.xctest */ = {isa = PBXFileReference; explicitFileType = wrapper.cfbundle; includeInIndex = 0; path = VinderUITests.xctest; sourceTree = BUILT_PRODUCTS_DIR; };
		CD6554D02351B91B00E6498A /* VinderUITests.swift */ = {isa = PBXFileReference; lastKnownFileType = sourcecode.swift; path = VinderUITests.swift; sourceTree = "<group>"; };
		CD6554D22351B91B00E6498A /* Info.plist */ = {isa = PBXFileReference; lastKnownFileType = text.plist.xml; path = Info.plist; sourceTree = "<group>"; };
		CD6554E32351D9CF00E6498A /* ProfilView.swift */ = {isa = PBXFileReference; lastKnownFileType = sourcecode.swift; path = ProfilView.swift; sourceTree = "<group>"; };
		CD6554E523524D7C00E6498A /* ImageGallery.swift */ = {isa = PBXFileReference; lastKnownFileType = sourcecode.swift; path = ImageGallery.swift; sourceTree = "<group>"; };
		CD6554E72352533F00E6498A /* MatchesView.swift */ = {isa = PBXFileReference; lastKnownFileType = sourcecode.swift; path = MatchesView.swift; sourceTree = "<group>"; };
		CD6554E9235256F900E6498A /* ConversationPreview.swift */ = {isa = PBXFileReference; lastKnownFileType = sourcecode.swift; path = ConversationPreview.swift; sourceTree = "<group>"; };
		CD6554EB235258C900E6498A /* MatchesHome.swift */ = {isa = PBXFileReference; lastKnownFileType = sourcecode.swift; path = MatchesHome.swift; sourceTree = "<group>"; };
		CD6554ED23525C5300E6498A /* SearchBar.swift */ = {isa = PBXFileReference; lastKnownFileType = sourcecode.swift; path = SearchBar.swift; sourceTree = "<group>"; };
		D5B2104FB81B44AA9396BC23 /* Pods-VinderTests.release.xcconfig */ = {isa = PBXFileReference; includeInIndex = 1; lastKnownFileType = text.xcconfig; name = "Pods-VinderTests.release.xcconfig"; path = "Target Support Files/Pods-VinderTests/Pods-VinderTests.release.xcconfig"; sourceTree = "<group>"; };
		FC214EDC9725446E99F97732 /* Pods_Vinder.framework */ = {isa = PBXFileReference; explicitFileType = wrapper.framework; includeInIndex = 0; path = Pods_Vinder.framework; sourceTree = BUILT_PRODUCTS_DIR; };
		FE1603D1A3108BED9EAD8F7B /* Pods-Vinder-VinderUITests.release.xcconfig */ = {isa = PBXFileReference; includeInIndex = 1; lastKnownFileType = text.xcconfig; name = "Pods-Vinder-VinderUITests.release.xcconfig"; path = "Target Support Files/Pods-Vinder-VinderUITests/Pods-Vinder-VinderUITests.release.xcconfig"; sourceTree = "<group>"; };
/* End PBXFileReference section */

/* Begin PBXFrameworksBuildPhase section */
		CD6554A82351B91900E6498A /* Frameworks */ = {
			isa = PBXFrameworksBuildPhase;
			buildActionMask = 2147483647;
			files = (
				CD24420E235327AC00C357EE /* SwiftUIFlux in Frameworks */,
				C3530AD12A5B4174A991C067 /* Pods_Vinder.framework in Frameworks */,
			);
			runOnlyForDeploymentPostprocessing = 0;
		};
		CD6554BE2351B91B00E6498A /* Frameworks */ = {
			isa = PBXFrameworksBuildPhase;
			buildActionMask = 2147483647;
			files = (
				BE8F7D6903D2C3656310EC1E /* Pods_VinderTests.framework in Frameworks */,
			);
			runOnlyForDeploymentPostprocessing = 0;
		};
		CD6554C92351B91B00E6498A /* Frameworks */ = {
			isa = PBXFrameworksBuildPhase;
			buildActionMask = 2147483647;
			files = (
				8B8D3A8596240DE7DD6A2D8E /* Pods_Vinder_VinderUITests.framework in Frameworks */,
			);
			runOnlyForDeploymentPostprocessing = 0;
		};
/* End PBXFrameworksBuildPhase section */

/* Begin PBXGroup section */
		1BE3B2F1498C5868CFB5BE79 /* Pods */ = {
			isa = PBXGroup;
			children = (
				971FBF70B77F9A2E127214AF /* Pods-Vinder.debug.xcconfig */,
				59CCEF8BD81E25EA9263963F /* Pods-Vinder.release.xcconfig */,
				0285C5D141556E7D0906529C /* Pods-Vinder-VinderUITests.debug.xcconfig */,
				FE1603D1A3108BED9EAD8F7B /* Pods-Vinder-VinderUITests.release.xcconfig */,
				0BB4BDA681FB042E1838F992 /* Pods-VinderTests.debug.xcconfig */,
				D5B2104FB81B44AA9396BC23 /* Pods-VinderTests.release.xcconfig */,
			);
			path = Pods;
			sourceTree = "<group>";
		};
		67E147F2D273F3634F6745EE /* Frameworks */ = {
			isa = PBXGroup;
			children = (
				FC214EDC9725446E99F97732 /* Pods_Vinder.framework */,
				4ACC75685B6651D22C36B66D /* Pods_Vinder_VinderUITests.framework */,
				182CEF2F6483381EE7ECA33C /* Pods_VinderTests.framework */,
			);
			name = Frameworks;
			sourceTree = "<group>";
		};
		CD24420F235328EA00C357EE /* Services */ = {
			isa = PBXGroup;
			children = (
				CD24422623549BF700C357EE /* AudioRecording */,
				CD24421523547FA700C357EE /* Networking */,
			);
			path = Services;
			sourceTree = "<group>";
		};
		CD24421023532D1700C357EE /* Firebase */ = {
			isa = PBXGroup;
			children = (
				CD24421123532D2800C357EE /* GoogleService-Info-2.plist */,
			);
			path = Firebase;
			sourceTree = "<group>";
		};
		CD24421523547FA700C357EE /* Networking */ = {
			isa = PBXGroup;
			children = (
				CD24421623547FD600C357EE /* CRDMessage.swift */,
				CD2442242354997400C357EE /* Swiping.swift */,
			);
			path = Networking;
			sourceTree = "<group>";
		};
		CD2442182354800000C357EE /* Flux */ = {
			isa = PBXGroup;
			children = (
				CD2442192354800700C357EE /* Models */,
			);
			path = Flux;
			sourceTree = "<group>";
		};
		CD2442192354800700C357EE /* Models */ = {
			isa = PBXGroup;
			children = (
				CD24421A2354801C00C357EE /* Account.swift */,
				CD24421C2354802B00C357EE /* Profile.swift */,
				CD24421E2354803900C357EE /* Conversation.swift */,
				CD2442222354976300C357EE /* MatchProfile.swift */,
				CD2442202354804700C357EE /* Message.swift */,
			);
			path = Models;
			sourceTree = "<group>";
		};
		CD24422623549BF700C357EE /* AudioRecording */ = {
			isa = PBXGroup;
			children = (
				CD24422723549C1300C357EE /* AudioRecorder.swift */,
			);
			path = AudioRecording;
			sourceTree = "<group>";
		};
		CD6554A22351B91900E6498A = {
			isa = PBXGroup;
			children = (
				CD6554AD2351B91900E6498A /* Vinder */,
				CD6554C42351B91B00E6498A /* VinderTests */,
				CD6554CF2351B91B00E6498A /* VinderUITests */,
				CD6554AC2351B91900E6498A /* Products */,
				1BE3B2F1498C5868CFB5BE79 /* Pods */,
				67E147F2D273F3634F6745EE /* Frameworks */,
			);
			sourceTree = "<group>";
		};
		CD6554AC2351B91900E6498A /* Products */ = {
			isa = PBXGroup;
			children = (
				CD6554AB2351B91900E6498A /* Vinder.app */,
				CD6554C12351B91B00E6498A /* VinderTests.xctest */,
				CD6554CC2351B91B00E6498A /* VinderUITests.xctest */,
			);
			name = Products;
			sourceTree = "<group>";
		};
		CD6554AD2351B91900E6498A /* Vinder */ = {
			isa = PBXGroup;
			children = (
				CD2442182354800000C357EE /* Flux */,
				CD24421023532D1700C357EE /* Firebase */,
				CD24420F235328EA00C357EE /* Services */,
				CD6554DF2351D5AF00E6498A /* Views */,
				CD6554DE2351D5A200E6498A /* Launch */,
				CD6554B22351B91900E6498A /* ContentView.swift */,
				CD6554B42351B91B00E6498A /* Assets.xcassets */,
				CD6554B92351B91B00E6498A /* LaunchScreen.storyboard */,
				CD6554BC2351B91B00E6498A /* Info.plist */,
				CD6554B62351B91B00E6498A /* Preview Content */,
			);
			path = Vinder;
			sourceTree = "<group>";
		};
		CD6554B62351B91B00E6498A /* Preview Content */ = {
			isa = PBXGroup;
			children = (
				CD6554B72351B91B00E6498A /* Preview Assets.xcassets */,
			);
			path = "Preview Content";
			sourceTree = "<group>";
		};
		CD6554C42351B91B00E6498A /* VinderTests */ = {
			isa = PBXGroup;
			children = (
				CD6554C52351B91B00E6498A /* VinderTests.swift */,
				CD6554C72351B91B00E6498A /* Info.plist */,
			);
			path = VinderTests;
			sourceTree = "<group>";
		};
		CD6554CF2351B91B00E6498A /* VinderUITests */ = {
			isa = PBXGroup;
			children = (
				CD6554D02351B91B00E6498A /* VinderUITests.swift */,
				CD6554D22351B91B00E6498A /* Info.plist */,
			);
			path = VinderUITests;
			sourceTree = "<group>";
		};
		CD6554DE2351D5A200E6498A /* Launch */ = {
			isa = PBXGroup;
			children = (
				CD6554AE2351B91900E6498A /* AppDelegate.swift */,
				CD6554B02351B91900E6498A /* SceneDelegate.swift */,
			);
			path = Launch;
			sourceTree = "<group>";
		};
		CD6554DF2351D5AF00E6498A /* Views */ = {
			isa = PBXGroup;
			children = (
				CD6554E22351D5F300E6498A /* Shared */,
				CD6554E12351D5C800E6498A /* modifiers */,
				CD6554E02351D5BC00E6498A /* Components */,
			);
			path = Views;
			sourceTree = "<group>";
		};
		CD6554E02351D5BC00E6498A /* Components */ = {
			isa = PBXGroup;
			children = (
				CD6554E32351D9CF00E6498A /* ProfilView.swift */,
				CD6554E72352533F00E6498A /* MatchesView.swift */,
				CD6554E9235256F900E6498A /* ConversationPreview.swift */,
				CD6554EB235258C900E6498A /* MatchesHome.swift */,
			);
			path = Components;
			sourceTree = "<group>";
		};
		CD6554E12351D5C800E6498A /* modifiers */ = {
			isa = PBXGroup;
			children = (
			);
			path = modifiers;
			sourceTree = "<group>";
		};
		CD6554E22351D5F300E6498A /* Shared */ = {
			isa = PBXGroup;
			children = (
				CD6554E523524D7C00E6498A /* ImageGallery.swift */,
				CD6554ED23525C5300E6498A /* SearchBar.swift */,
			);
			path = Shared;
			sourceTree = "<group>";
		};
/* End PBXGroup section */

/* Begin PBXNativeTarget section */
		CD6554AA2351B91900E6498A /* Vinder */ = {
			isa = PBXNativeTarget;
			buildConfigurationList = CD6554D52351B91B00E6498A /* Build configuration list for PBXNativeTarget "Vinder" */;
			buildPhases = (
				99CB7989A0AAF89FDD5B3FD1 /* [CP] Check Pods Manifest.lock */,
				CD6554A72351B91900E6498A /* Sources */,
				CD6554A82351B91900E6498A /* Frameworks */,
				CD6554A92351B91900E6498A /* Resources */,
				15AFB0B9A7EF8E4CFF6B697C /* [CP] Embed Pods Frameworks */,
			);
			buildRules = (
			);
			dependencies = (
			);
			name = Vinder;
			packageProductDependencies = (
				CD24420D235327AC00C357EE /* SwiftUIFlux */,
			);
			productName = Vinder;
			productReference = CD6554AB2351B91900E6498A /* Vinder.app */;
			productType = "com.apple.product-type.application";
		};
		CD6554C02351B91B00E6498A /* VinderTests */ = {
			isa = PBXNativeTarget;
			buildConfigurationList = CD6554D82351B91B00E6498A /* Build configuration list for PBXNativeTarget "VinderTests" */;
			buildPhases = (
				56782AC7E190B1A2A7C58E16 /* [CP] Check Pods Manifest.lock */,
				CD6554BD2351B91B00E6498A /* Sources */,
				CD6554BE2351B91B00E6498A /* Frameworks */,
				CD6554BF2351B91B00E6498A /* Resources */,
			);
			buildRules = (
			);
			dependencies = (
				CD6554C32351B91B00E6498A /* PBXTargetDependency */,
			);
			name = VinderTests;
			productName = VinderTests;
			productReference = CD6554C12351B91B00E6498A /* VinderTests.xctest */;
			productType = "com.apple.product-type.bundle.unit-test";
		};
		CD6554CB2351B91B00E6498A /* VinderUITests */ = {
			isa = PBXNativeTarget;
			buildConfigurationList = CD6554DB2351B91B00E6498A /* Build configuration list for PBXNativeTarget "VinderUITests" */;
			buildPhases = (
				886646C458F9B26D66837CA7 /* [CP] Check Pods Manifest.lock */,
				CD6554C82351B91B00E6498A /* Sources */,
				CD6554C92351B91B00E6498A /* Frameworks */,
				CD6554CA2351B91B00E6498A /* Resources */,
				F91631A6E4E6BC8EF986E9EA /* [CP] Embed Pods Frameworks */,
			);
			buildRules = (
			);
			dependencies = (
				CD6554CE2351B91B00E6498A /* PBXTargetDependency */,
			);
			name = VinderUITests;
			productName = VinderUITests;
			productReference = CD6554CC2351B91B00E6498A /* VinderUITests.xctest */;
			productType = "com.apple.product-type.bundle.ui-testing";
		};
/* End PBXNativeTarget section */

/* Begin PBXProject section */
		CD6554A32351B91900E6498A /* Project object */ = {
			isa = PBXProject;
			attributes = {
				LastSwiftUpdateCheck = 1100;
				LastUpgradeCheck = 1100;
				ORGANIZATIONNAME = "Patrick Fischer";
				TargetAttributes = {
					CD6554AA2351B91900E6498A = {
						CreatedOnToolsVersion = 11.0;
					};
					CD6554C02351B91B00E6498A = {
						CreatedOnToolsVersion = 11.0;
						TestTargetID = CD6554AA2351B91900E6498A;
					};
					CD6554CB2351B91B00E6498A = {
						CreatedOnToolsVersion = 11.0;
						TestTargetID = CD6554AA2351B91900E6498A;
					};
				};
			};
			buildConfigurationList = CD6554A62351B91900E6498A /* Build configuration list for PBXProject "Vinder" */;
			compatibilityVersion = "Xcode 9.3";
			developmentRegion = en;
			hasScannedForEncodings = 0;
			knownRegions = (
				en,
				Base,
			);
			mainGroup = CD6554A22351B91900E6498A;
			packageReferences = (
				CD24420C235327AC00C357EE /* XCRemoteSwiftPackageReference "SwiftUIFlux" */,
			);
			productRefGroup = CD6554AC2351B91900E6498A /* Products */;
			projectDirPath = "";
			projectRoot = "";
			targets = (
				CD6554AA2351B91900E6498A /* Vinder */,
				CD6554C02351B91B00E6498A /* VinderTests */,
				CD6554CB2351B91B00E6498A /* VinderUITests */,
			);
		};
/* End PBXProject section */

/* Begin PBXResourcesBuildPhase section */
		CD6554A92351B91900E6498A /* Resources */ = {
			isa = PBXResourcesBuildPhase;
			buildActionMask = 2147483647;
			files = (
				CD6554BB2351B91B00E6498A /* LaunchScreen.storyboard in Resources */,
				CD6554B82351B91B00E6498A /* Preview Assets.xcassets in Resources */,
				CD24421223532D2800C357EE /* GoogleService-Info-2.plist in Resources */,
				CD6554B52351B91B00E6498A /* Assets.xcassets in Resources */,
			);
			runOnlyForDeploymentPostprocessing = 0;
		};
		CD6554BF2351B91B00E6498A /* Resources */ = {
			isa = PBXResourcesBuildPhase;
			buildActionMask = 2147483647;
			files = (
				CD24421323532D2800C357EE /* GoogleService-Info-2.plist in Resources */,
			);
			runOnlyForDeploymentPostprocessing = 0;
		};
		CD6554CA2351B91B00E6498A /* Resources */ = {
			isa = PBXResourcesBuildPhase;
			buildActionMask = 2147483647;
			files = (
				CD24421423532D2800C357EE /* GoogleService-Info-2.plist in Resources */,
			);
			runOnlyForDeploymentPostprocessing = 0;
		};
/* End PBXResourcesBuildPhase section */

/* Begin PBXShellScriptBuildPhase section */
		15AFB0B9A7EF8E4CFF6B697C /* [CP] Embed Pods Frameworks */ = {
			isa = PBXShellScriptBuildPhase;
			buildActionMask = 2147483647;
			files = (
			);
			inputFileListPaths = (
				"${PODS_ROOT}/Target Support Files/Pods-Vinder/Pods-Vinder-frameworks-${CONFIGURATION}-input-files.xcfilelist",
			);
			name = "[CP] Embed Pods Frameworks";
			outputFileListPaths = (
				"${PODS_ROOT}/Target Support Files/Pods-Vinder/Pods-Vinder-frameworks-${CONFIGURATION}-output-files.xcfilelist",
			);
			runOnlyForDeploymentPostprocessing = 0;
			shellPath = /bin/sh;
			shellScript = "\"${PODS_ROOT}/Target Support Files/Pods-Vinder/Pods-Vinder-frameworks.sh\"\n";
			showEnvVarsInLog = 0;
		};
		56782AC7E190B1A2A7C58E16 /* [CP] Check Pods Manifest.lock */ = {
			isa = PBXShellScriptBuildPhase;
			buildActionMask = 2147483647;
			files = (
			);
			inputFileListPaths = (
			);
			inputPaths = (
				"${PODS_PODFILE_DIR_PATH}/Podfile.lock",
				"${PODS_ROOT}/Manifest.lock",
			);
			name = "[CP] Check Pods Manifest.lock";
			outputFileListPaths = (
			);
			outputPaths = (
				"$(DERIVED_FILE_DIR)/Pods-VinderTests-checkManifestLockResult.txt",
			);
			runOnlyForDeploymentPostprocessing = 0;
			shellPath = /bin/sh;
			shellScript = "diff \"${PODS_PODFILE_DIR_PATH}/Podfile.lock\" \"${PODS_ROOT}/Manifest.lock\" > /dev/null\nif [ $? != 0 ] ; then\n    # print error to STDERR\n    echo \"error: The sandbox is not in sync with the Podfile.lock. Run 'pod install' or update your CocoaPods installation.\" >&2\n    exit 1\nfi\n# This output is used by Xcode 'outputs' to avoid re-running this script phase.\necho \"SUCCESS\" > \"${SCRIPT_OUTPUT_FILE_0}\"\n";
			showEnvVarsInLog = 0;
		};
		886646C458F9B26D66837CA7 /* [CP] Check Pods Manifest.lock */ = {
			isa = PBXShellScriptBuildPhase;
			buildActionMask = 2147483647;
			files = (
			);
			inputFileListPaths = (
			);
			inputPaths = (
				"${PODS_PODFILE_DIR_PATH}/Podfile.lock",
				"${PODS_ROOT}/Manifest.lock",
			);
			name = "[CP] Check Pods Manifest.lock";
			outputFileListPaths = (
			);
			outputPaths = (
				"$(DERIVED_FILE_DIR)/Pods-Vinder-VinderUITests-checkManifestLockResult.txt",
			);
			runOnlyForDeploymentPostprocessing = 0;
			shellPath = /bin/sh;
			shellScript = "diff \"${PODS_PODFILE_DIR_PATH}/Podfile.lock\" \"${PODS_ROOT}/Manifest.lock\" > /dev/null\nif [ $? != 0 ] ; then\n    # print error to STDERR\n    echo \"error: The sandbox is not in sync with the Podfile.lock. Run 'pod install' or update your CocoaPods installation.\" >&2\n    exit 1\nfi\n# This output is used by Xcode 'outputs' to avoid re-running this script phase.\necho \"SUCCESS\" > \"${SCRIPT_OUTPUT_FILE_0}\"\n";
			showEnvVarsInLog = 0;
		};
		99CB7989A0AAF89FDD5B3FD1 /* [CP] Check Pods Manifest.lock */ = {
			isa = PBXShellScriptBuildPhase;
			buildActionMask = 2147483647;
			files = (
			);
			inputFileListPaths = (
			);
			inputPaths = (
				"${PODS_PODFILE_DIR_PATH}/Podfile.lock",
				"${PODS_ROOT}/Manifest.lock",
			);
			name = "[CP] Check Pods Manifest.lock";
			outputFileListPaths = (
			);
			outputPaths = (
				"$(DERIVED_FILE_DIR)/Pods-Vinder-checkManifestLockResult.txt",
			);
			runOnlyForDeploymentPostprocessing = 0;
			shellPath = /bin/sh;
			shellScript = "diff \"${PODS_PODFILE_DIR_PATH}/Podfile.lock\" \"${PODS_ROOT}/Manifest.lock\" > /dev/null\nif [ $? != 0 ] ; then\n    # print error to STDERR\n    echo \"error: The sandbox is not in sync with the Podfile.lock. Run 'pod install' or update your CocoaPods installation.\" >&2\n    exit 1\nfi\n# This output is used by Xcode 'outputs' to avoid re-running this script phase.\necho \"SUCCESS\" > \"${SCRIPT_OUTPUT_FILE_0}\"\n";
			showEnvVarsInLog = 0;
		};
		F91631A6E4E6BC8EF986E9EA /* [CP] Embed Pods Frameworks */ = {
			isa = PBXShellScriptBuildPhase;
			buildActionMask = 2147483647;
			files = (
			);
			inputFileListPaths = (
				"${PODS_ROOT}/Target Support Files/Pods-Vinder-VinderUITests/Pods-Vinder-VinderUITests-frameworks-${CONFIGURATION}-input-files.xcfilelist",
			);
			name = "[CP] Embed Pods Frameworks";
			outputFileListPaths = (
				"${PODS_ROOT}/Target Support Files/Pods-Vinder-VinderUITests/Pods-Vinder-VinderUITests-frameworks-${CONFIGURATION}-output-files.xcfilelist",
			);
			runOnlyForDeploymentPostprocessing = 0;
			shellPath = /bin/sh;
			shellScript = "\"${PODS_ROOT}/Target Support Files/Pods-Vinder-VinderUITests/Pods-Vinder-VinderUITests-frameworks.sh\"\n";
			showEnvVarsInLog = 0;
		};
/* End PBXShellScriptBuildPhase section */

/* Begin PBXSourcesBuildPhase section */
		CD6554A72351B91900E6498A /* Sources */ = {
			isa = PBXSourcesBuildPhase;
			buildActionMask = 2147483647;
			files = (
				CD6554AF2351B91900E6498A /* AppDelegate.swift in Sources */,
				CD24421B2354801C00C357EE /* Account.swift in Sources */,
				CD24421723547FD600C357EE /* CRDMessage.swift in Sources */,
				CD6554E623524D7C00E6498A /* ImageGallery.swift in Sources */,
				CD6554EC235258C900E6498A /* MatchesHome.swift in Sources */,
				CD6554B12351B91900E6498A /* SceneDelegate.swift in Sources */,
				CD6554EA235256F900E6498A /* ConversationPreview.swift in Sources */,
				CD24421D2354802B00C357EE /* Profile.swift in Sources */,
				CD6554EE23525C5300E6498A /* SearchBar.swift in Sources */,
				CD2442252354997400C357EE /* Swiping.swift in Sources */,
				CD24422823549C1300C357EE /* AudioRecorder.swift in Sources */,
				CD6554E42351D9CF00E6498A /* ProfilView.swift in Sources */,
				CD6554E82352533F00E6498A /* MatchesView.swift in Sources */,
				CD6554B32351B91900E6498A /* ContentView.swift in Sources */,
				CD24421F2354803900C357EE /* Conversation.swift in Sources */,
				CD2442212354804700C357EE /* Message.swift in Sources */,
				CD2442232354976300C357EE /* MatchProfile.swift in Sources */,
			);
			runOnlyForDeploymentPostprocessing = 0;
		};
		CD6554BD2351B91B00E6498A /* Sources */ = {
			isa = PBXSourcesBuildPhase;
			buildActionMask = 2147483647;
			files = (
				CD6554C62351B91B00E6498A /* VinderTests.swift in Sources */,
			);
			runOnlyForDeploymentPostprocessing = 0;
		};
		CD6554C82351B91B00E6498A /* Sources */ = {
			isa = PBXSourcesBuildPhase;
			buildActionMask = 2147483647;
			files = (
				CD6554D12351B91B00E6498A /* VinderUITests.swift in Sources */,
			);
			runOnlyForDeploymentPostprocessing = 0;
		};
/* End PBXSourcesBuildPhase section */

/* Begin PBXTargetDependency section */
		CD6554C32351B91B00E6498A /* PBXTargetDependency */ = {
			isa = PBXTargetDependency;
			target = CD6554AA2351B91900E6498A /* Vinder */;
			targetProxy = CD6554C22351B91B00E6498A /* PBXContainerItemProxy */;
		};
		CD6554CE2351B91B00E6498A /* PBXTargetDependency */ = {
			isa = PBXTargetDependency;
			target = CD6554AA2351B91900E6498A /* Vinder */;
			targetProxy = CD6554CD2351B91B00E6498A /* PBXContainerItemProxy */;
		};
/* End PBXTargetDependency section */

/* Begin PBXVariantGroup section */
		CD6554B92351B91B00E6498A /* LaunchScreen.storyboard */ = {
			isa = PBXVariantGroup;
			children = (
				CD6554BA2351B91B00E6498A /* Base */,
			);
			name = LaunchScreen.storyboard;
			sourceTree = "<group>";
		};
/* End PBXVariantGroup section */

/* Begin XCBuildConfiguration section */
		CD6554D32351B91B00E6498A /* Debug */ = {
			isa = XCBuildConfiguration;
			buildSettings = {
				ALWAYS_SEARCH_USER_PATHS = NO;
				CLANG_ANALYZER_NONNULL = YES;
				CLANG_ANALYZER_NUMBER_OBJECT_CONVERSION = YES_AGGRESSIVE;
				CLANG_CXX_LANGUAGE_STANDARD = "gnu++14";
				CLANG_CXX_LIBRARY = "libc++";
				CLANG_ENABLE_MODULES = YES;
				CLANG_ENABLE_OBJC_ARC = YES;
				CLANG_ENABLE_OBJC_WEAK = YES;
				CLANG_WARN_BLOCK_CAPTURE_AUTORELEASING = YES;
				CLANG_WARN_BOOL_CONVERSION = YES;
				CLANG_WARN_COMMA = YES;
				CLANG_WARN_CONSTANT_CONVERSION = YES;
				CLANG_WARN_DEPRECATED_OBJC_IMPLEMENTATIONS = YES;
				CLANG_WARN_DIRECT_OBJC_ISA_USAGE = YES_ERROR;
				CLANG_WARN_DOCUMENTATION_COMMENTS = YES;
				CLANG_WARN_EMPTY_BODY = YES;
				CLANG_WARN_ENUM_CONVERSION = YES;
				CLANG_WARN_INFINITE_RECURSION = YES;
				CLANG_WARN_INT_CONVERSION = YES;
				CLANG_WARN_NON_LITERAL_NULL_CONVERSION = YES;
				CLANG_WARN_OBJC_IMPLICIT_RETAIN_SELF = YES;
				CLANG_WARN_OBJC_LITERAL_CONVERSION = YES;
				CLANG_WARN_OBJC_ROOT_CLASS = YES_ERROR;
				CLANG_WARN_RANGE_LOOP_ANALYSIS = YES;
				CLANG_WARN_STRICT_PROTOTYPES = YES;
				CLANG_WARN_SUSPICIOUS_MOVE = YES;
				CLANG_WARN_UNGUARDED_AVAILABILITY = YES_AGGRESSIVE;
				CLANG_WARN_UNREACHABLE_CODE = YES;
				CLANG_WARN__DUPLICATE_METHOD_MATCH = YES;
				COPY_PHASE_STRIP = NO;
				DEBUG_INFORMATION_FORMAT = dwarf;
				ENABLE_STRICT_OBJC_MSGSEND = YES;
				ENABLE_TESTABILITY = YES;
				GCC_C_LANGUAGE_STANDARD = gnu11;
				GCC_DYNAMIC_NO_PIC = NO;
				GCC_NO_COMMON_BLOCKS = YES;
				GCC_OPTIMIZATION_LEVEL = 0;
				GCC_PREPROCESSOR_DEFINITIONS = (
					"DEBUG=1",
					"$(inherited)",
				);
				GCC_WARN_64_TO_32_BIT_CONVERSION = YES;
				GCC_WARN_ABOUT_RETURN_TYPE = YES_ERROR;
				GCC_WARN_UNDECLARED_SELECTOR = YES;
				GCC_WARN_UNINITIALIZED_AUTOS = YES_AGGRESSIVE;
				GCC_WARN_UNUSED_FUNCTION = YES;
				GCC_WARN_UNUSED_VARIABLE = YES;
				IPHONEOS_DEPLOYMENT_TARGET = 13.0;
				MTL_ENABLE_DEBUG_INFO = INCLUDE_SOURCE;
				MTL_FAST_MATH = YES;
				ONLY_ACTIVE_ARCH = YES;
				SDKROOT = iphoneos;
				SWIFT_ACTIVE_COMPILATION_CONDITIONS = DEBUG;
				SWIFT_OPTIMIZATION_LEVEL = "-Onone";
			};
			name = Debug;
		};
		CD6554D42351B91B00E6498A /* Release */ = {
			isa = XCBuildConfiguration;
			buildSettings = {
				ALWAYS_SEARCH_USER_PATHS = NO;
				CLANG_ANALYZER_NONNULL = YES;
				CLANG_ANALYZER_NUMBER_OBJECT_CONVERSION = YES_AGGRESSIVE;
				CLANG_CXX_LANGUAGE_STANDARD = "gnu++14";
				CLANG_CXX_LIBRARY = "libc++";
				CLANG_ENABLE_MODULES = YES;
				CLANG_ENABLE_OBJC_ARC = YES;
				CLANG_ENABLE_OBJC_WEAK = YES;
				CLANG_WARN_BLOCK_CAPTURE_AUTORELEASING = YES;
				CLANG_WARN_BOOL_CONVERSION = YES;
				CLANG_WARN_COMMA = YES;
				CLANG_WARN_CONSTANT_CONVERSION = YES;
				CLANG_WARN_DEPRECATED_OBJC_IMPLEMENTATIONS = YES;
				CLANG_WARN_DIRECT_OBJC_ISA_USAGE = YES_ERROR;
				CLANG_WARN_DOCUMENTATION_COMMENTS = YES;
				CLANG_WARN_EMPTY_BODY = YES;
				CLANG_WARN_ENUM_CONVERSION = YES;
				CLANG_WARN_INFINITE_RECURSION = YES;
				CLANG_WARN_INT_CONVERSION = YES;
				CLANG_WARN_NON_LITERAL_NULL_CONVERSION = YES;
				CLANG_WARN_OBJC_IMPLICIT_RETAIN_SELF = YES;
				CLANG_WARN_OBJC_LITERAL_CONVERSION = YES;
				CLANG_WARN_OBJC_ROOT_CLASS = YES_ERROR;
				CLANG_WARN_RANGE_LOOP_ANALYSIS = YES;
				CLANG_WARN_STRICT_PROTOTYPES = YES;
				CLANG_WARN_SUSPICIOUS_MOVE = YES;
				CLANG_WARN_UNGUARDED_AVAILABILITY = YES_AGGRESSIVE;
				CLANG_WARN_UNREACHABLE_CODE = YES;
				CLANG_WARN__DUPLICATE_METHOD_MATCH = YES;
				COPY_PHASE_STRIP = NO;
				DEBUG_INFORMATION_FORMAT = "dwarf-with-dsym";
				ENABLE_NS_ASSERTIONS = NO;
				ENABLE_STRICT_OBJC_MSGSEND = YES;
				GCC_C_LANGUAGE_STANDARD = gnu11;
				GCC_NO_COMMON_BLOCKS = YES;
				GCC_WARN_64_TO_32_BIT_CONVERSION = YES;
				GCC_WARN_ABOUT_RETURN_TYPE = YES_ERROR;
				GCC_WARN_UNDECLARED_SELECTOR = YES;
				GCC_WARN_UNINITIALIZED_AUTOS = YES_AGGRESSIVE;
				GCC_WARN_UNUSED_FUNCTION = YES;
				GCC_WARN_UNUSED_VARIABLE = YES;
				IPHONEOS_DEPLOYMENT_TARGET = 13.0;
				MTL_ENABLE_DEBUG_INFO = NO;
				MTL_FAST_MATH = YES;
				SDKROOT = iphoneos;
				SWIFT_COMPILATION_MODE = wholemodule;
				SWIFT_OPTIMIZATION_LEVEL = "-O";
				VALIDATE_PRODUCT = YES;
			};
			name = Release;
		};
		CD6554D62351B91B00E6498A /* Debug */ = {
			isa = XCBuildConfiguration;
			baseConfigurationReference = 971FBF70B77F9A2E127214AF /* Pods-Vinder.debug.xcconfig */;
			buildSettings = {
				ASSETCATALOG_COMPILER_APPICON_NAME = AppIcon;
				CODE_SIGN_STYLE = Automatic;
				DEVELOPMENT_ASSET_PATHS = "\"Vinder/Preview Content\"";
				DEVELOPMENT_TEAM = E9D9FQMNFD;
				ENABLE_PREVIEWS = YES;
				INFOPLIST_FILE = Vinder/Info.plist;
				LD_RUNPATH_SEARCH_PATHS = (
					"$(inherited)",
					"@executable_path/Frameworks",
				);
				PRODUCT_BUNDLE_IDENTIFIER = Patrick.Fischer.Vinder;
				PRODUCT_NAME = "$(TARGET_NAME)";
				SWIFT_VERSION = 5.0;
				TARGETED_DEVICE_FAMILY = "1,2";
			};
			name = Debug;
		};
		CD6554D72351B91B00E6498A /* Release */ = {
			isa = XCBuildConfiguration;
			baseConfigurationReference = 59CCEF8BD81E25EA9263963F /* Pods-Vinder.release.xcconfig */;
			buildSettings = {
				ASSETCATALOG_COMPILER_APPICON_NAME = AppIcon;
				CODE_SIGN_STYLE = Automatic;
				DEVELOPMENT_ASSET_PATHS = "\"Vinder/Preview Content\"";
				DEVELOPMENT_TEAM = E9D9FQMNFD;
				ENABLE_PREVIEWS = YES;
				INFOPLIST_FILE = Vinder/Info.plist;
				LD_RUNPATH_SEARCH_PATHS = (
					"$(inherited)",
					"@executable_path/Frameworks",
				);
				PRODUCT_BUNDLE_IDENTIFIER = Patrick.Fischer.Vinder;
				PRODUCT_NAME = "$(TARGET_NAME)";
				SWIFT_VERSION = 5.0;
				TARGETED_DEVICE_FAMILY = "1,2";
			};
			name = Release;
		};
		CD6554D92351B91B00E6498A /* Debug */ = {
			isa = XCBuildConfiguration;
			baseConfigurationReference = 0BB4BDA681FB042E1838F992 /* Pods-VinderTests.debug.xcconfig */;
			buildSettings = {
				ALWAYS_EMBED_SWIFT_STANDARD_LIBRARIES = YES;
				BUNDLE_LOADER = "$(TEST_HOST)";
				CODE_SIGN_STYLE = Automatic;
				DEVELOPMENT_TEAM = E9D9FQMNFD;
				INFOPLIST_FILE = VinderTests/Info.plist;
				IPHONEOS_DEPLOYMENT_TARGET = 13.0;
				LD_RUNPATH_SEARCH_PATHS = (
					"$(inherited)",
					"@executable_path/Frameworks",
					"@loader_path/Frameworks",
				);
				PRODUCT_BUNDLE_IDENTIFIER = Patrick.Fischer.VinderTests;
				PRODUCT_NAME = "$(TARGET_NAME)";
				SWIFT_VERSION = 5.0;
				TARGETED_DEVICE_FAMILY = "1,2";
				TEST_HOST = "$(BUILT_PRODUCTS_DIR)/Vinder.app/Vinder";
			};
			name = Debug;
		};
		CD6554DA2351B91B00E6498A /* Release */ = {
			isa = XCBuildConfiguration;
			baseConfigurationReference = D5B2104FB81B44AA9396BC23 /* Pods-VinderTests.release.xcconfig */;
			buildSettings = {
				ALWAYS_EMBED_SWIFT_STANDARD_LIBRARIES = YES;
				BUNDLE_LOADER = "$(TEST_HOST)";
				CODE_SIGN_STYLE = Automatic;
				DEVELOPMENT_TEAM = E9D9FQMNFD;
				INFOPLIST_FILE = VinderTests/Info.plist;
				IPHONEOS_DEPLOYMENT_TARGET = 13.0;
				LD_RUNPATH_SEARCH_PATHS = (
					"$(inherited)",
					"@executable_path/Frameworks",
					"@loader_path/Frameworks",
				);
				PRODUCT_BUNDLE_IDENTIFIER = Patrick.Fischer.VinderTests;
				PRODUCT_NAME = "$(TARGET_NAME)";
				SWIFT_VERSION = 5.0;
				TARGETED_DEVICE_FAMILY = "1,2";
				TEST_HOST = "$(BUILT_PRODUCTS_DIR)/Vinder.app/Vinder";
			};
			name = Release;
		};
		CD6554DC2351B91B00E6498A /* Debug */ = {
			isa = XCBuildConfiguration;
			baseConfigurationReference = 0285C5D141556E7D0906529C /* Pods-Vinder-VinderUITests.debug.xcconfig */;
			buildSettings = {
				ALWAYS_EMBED_SWIFT_STANDARD_LIBRARIES = YES;
				CODE_SIGN_STYLE = Automatic;
				DEVELOPMENT_TEAM = E9D9FQMNFD;
				INFOPLIST_FILE = VinderUITests/Info.plist;
				LD_RUNPATH_SEARCH_PATHS = (
					"$(inherited)",
					"@executable_path/Frameworks",
					"@loader_path/Frameworks",
				);
				PRODUCT_BUNDLE_IDENTIFIER = Patrick.Fischer.VinderUITests;
				PRODUCT_NAME = "$(TARGET_NAME)";
				SWIFT_VERSION = 5.0;
				TARGETED_DEVICE_FAMILY = "1,2";
				TEST_TARGET_NAME = Vinder;
			};
			name = Debug;
		};
		CD6554DD2351B91B00E6498A /* Release */ = {
			isa = XCBuildConfiguration;
			baseConfigurationReference = FE1603D1A3108BED9EAD8F7B /* Pods-Vinder-VinderUITests.release.xcconfig */;
			buildSettings = {
				ALWAYS_EMBED_SWIFT_STANDARD_LIBRARIES = YES;
				CODE_SIGN_STYLE = Automatic;
				DEVELOPMENT_TEAM = E9D9FQMNFD;
				INFOPLIST_FILE = VinderUITests/Info.plist;
				LD_RUNPATH_SEARCH_PATHS = (
					"$(inherited)",
					"@executable_path/Frameworks",
					"@loader_path/Frameworks",
				);
				PRODUCT_BUNDLE_IDENTIFIER = Patrick.Fischer.VinderUITests;
				PRODUCT_NAME = "$(TARGET_NAME)";
				SWIFT_VERSION = 5.0;
				TARGETED_DEVICE_FAMILY = "1,2";
				TEST_TARGET_NAME = Vinder;
			};
			name = Release;
		};
/* End XCBuildConfiguration section */

/* Begin XCConfigurationList section */
		CD6554A62351B91900E6498A /* Build configuration list for PBXProject "Vinder" */ = {
			isa = XCConfigurationList;
			buildConfigurations = (
				CD6554D32351B91B00E6498A /* Debug */,
				CD6554D42351B91B00E6498A /* Release */,
			);
			defaultConfigurationIsVisible = 0;
			defaultConfigurationName = Release;
		};
		CD6554D52351B91B00E6498A /* Build configuration list for PBXNativeTarget "Vinder" */ = {
			isa = XCConfigurationList;
			buildConfigurations = (
				CD6554D62351B91B00E6498A /* Debug */,
				CD6554D72351B91B00E6498A /* Release */,
			);
			defaultConfigurationIsVisible = 0;
			defaultConfigurationName = Release;
		};
		CD6554D82351B91B00E6498A /* Build configuration list for PBXNativeTarget "VinderTests" */ = {
			isa = XCConfigurationList;
			buildConfigurations = (
				CD6554D92351B91B00E6498A /* Debug */,
				CD6554DA2351B91B00E6498A /* Release */,
			);
			defaultConfigurationIsVisible = 0;
			defaultConfigurationName = Release;
		};
		CD6554DB2351B91B00E6498A /* Build configuration list for PBXNativeTarget "VinderUITests" */ = {
			isa = XCConfigurationList;
			buildConfigurations = (
				CD6554DC2351B91B00E6498A /* Debug */,
				CD6554DD2351B91B00E6498A /* Release */,
			);
			defaultConfigurationIsVisible = 0;
			defaultConfigurationName = Release;
		};
/* End XCConfigurationList section */

/* Begin XCRemoteSwiftPackageReference section */
		CD24420C235327AC00C357EE /* XCRemoteSwiftPackageReference "SwiftUIFlux" */ = {
			isa = XCRemoteSwiftPackageReference;
			repositoryURL = "https://github.com/Dimillian/SwiftUIFlux";
			requirement = {
				kind = upToNextMajorVersion;
				minimumVersion = 0.4.5;
			};
		};
/* End XCRemoteSwiftPackageReference section */

/* Begin XCSwiftPackageProductDependency section */
		CD24420D235327AC00C357EE /* SwiftUIFlux */ = {
			isa = XCSwiftPackageProductDependency;
			package = CD24420C235327AC00C357EE /* XCRemoteSwiftPackageReference "SwiftUIFlux" */;
			productName = SwiftUIFlux;
		};
/* End XCSwiftPackageProductDependency section */
	};
	rootObject = CD6554A32351B91900E6498A /* Project object */;
}
