// !$*UTF8*$!
{
	archiveVersion = 1;
	classes = {
	};
	objectVersion = 52;
	objects = {

/* Begin PBXBuildFile section */
		855EA65A5CC45EADCD054C28 /* Pods_VinderUITests.framework in Frameworks */ = {isa = PBXBuildFile; fileRef = CD972F609C603009BA9AE251 /* Pods_VinderUITests.framework */; };
		BE8F7D6903D2C3656310EC1E /* Pods_VinderTests.framework in Frameworks */ = {isa = PBXBuildFile; fileRef = 182CEF2F6483381EE7ECA33C /* Pods_VinderTests.framework */; };
		C3530AD12A5B4174A991C067 /* Pods_Vinder.framework in Frameworks */ = {isa = PBXBuildFile; fileRef = FC214EDC9725446E99F97732 /* Pods_Vinder.framework */; };
		CD24420E235327AC00C357EE /* SwiftUIFlux in Frameworks */ = {isa = PBXBuildFile; productRef = CD24420D235327AC00C357EE /* SwiftUIFlux */; };
		CD24421723547FD600C357EE /* CRUD.swift in Sources */ = {isa = PBXBuildFile; fileRef = CD24421623547FD600C357EE /* CRUD.swift */; };
		CD24421B2354801C00C357EE /* Account.swift in Sources */ = {isa = PBXBuildFile; fileRef = CD24421A2354801C00C357EE /* Account.swift */; };
		CD24421D2354802B00C357EE /* Profile.swift in Sources */ = {isa = PBXBuildFile; fileRef = CD24421C2354802B00C357EE /* Profile.swift */; };
		CD24421F2354803900C357EE /* Conversation.swift in Sources */ = {isa = PBXBuildFile; fileRef = CD24421E2354803900C357EE /* Conversation.swift */; };
		CD2442212354804700C357EE /* Message.swift in Sources */ = {isa = PBXBuildFile; fileRef = CD2442202354804700C357EE /* Message.swift */; };
		CD2442232354976300C357EE /* MatchProfile.swift in Sources */ = {isa = PBXBuildFile; fileRef = CD2442222354976300C357EE /* MatchProfile.swift */; };
		CD2442252354997400C357EE /* Matching.swift in Sources */ = {isa = PBXBuildFile; fileRef = CD2442242354997400C357EE /* Matching.swift */; };
		CD24422823549C1300C357EE /* AudioRecorder.swift in Sources */ = {isa = PBXBuildFile; fileRef = CD24422723549C1300C357EE /* AudioRecorder.swift */; };
		CD24422A2354E33100C357EE /* ImageService.swift in Sources */ = {isa = PBXBuildFile; fileRef = CD2442292354E33100C357EE /* ImageService.swift */; };
		CD27F65F2358AEA1005224C9 /* FUIAuthBaseViewControllerWrapper.swift in Sources */ = {isa = PBXBuildFile; fileRef = CD27F65E2358AEA1005224C9 /* FUIAuthBaseViewControllerWrapper.swift */; };
		CD2A6D9F236466A200EEDDA5 /* Store.swift in Sources */ = {isa = PBXBuildFile; fileRef = CD2A6D9E236466A200EEDDA5 /* Store.swift */; };
		CD2A6DA22364A5D500EEDDA5 /* TabBarItem.swift in Sources */ = {isa = PBXBuildFile; fileRef = CD2A6DA12364A5D500EEDDA5 /* TabBarItem.swift */; };
		CD2A6DA42364A64600EEDDA5 /* TabBarViewModel.swift in Sources */ = {isa = PBXBuildFile; fileRef = CD2A6DA32364A64600EEDDA5 /* TabBarViewModel.swift */; };
		CD2A6DA62364B1DA00EEDDA5 /* SwipingState.swift in Sources */ = {isa = PBXBuildFile; fileRef = CD2A6DA52364B1DA00EEDDA5 /* SwipingState.swift */; };
		CD2A6DA82364B25B00EEDDA5 /* SwipingReducer.swift in Sources */ = {isa = PBXBuildFile; fileRef = CD2A6DA72364B25B00EEDDA5 /* SwipingReducer.swift */; };
		CD2A6DAA2364B2A700EEDDA5 /* SwipingActions.swift in Sources */ = {isa = PBXBuildFile; fileRef = CD2A6DA92364B2A700EEDDA5 /* SwipingActions.swift */; };
		CD3B85E5236860AC0007C0D4 /* SwipeableView.swift in Sources */ = {isa = PBXBuildFile; fileRef = CD3B85E4236860AC0007C0D4 /* SwipeableView.swift */; };
		CD472F4F2379A26B00DFCAB7 /* KingfisherBridge.swift in Sources */ = {isa = PBXBuildFile; fileRef = CD472F4E2379A26B00DFCAB7 /* KingfisherBridge.swift */; };
		CD472F522379F43D00DFCAB7 /* Extension+Array.swift in Sources */ = {isa = PBXBuildFile; fileRef = CD472F512379F43D00DFCAB7 /* Extension+Array.swift */; };
		CD472F542379F89B00DFCAB7 /* ProfilContainer.swift in Sources */ = {isa = PBXBuildFile; fileRef = CD472F532379F89B00DFCAB7 /* ProfilContainer.swift */; };
		CD472F562379FFE100DFCAB7 /* AddPictureContainer.swift in Sources */ = {isa = PBXBuildFile; fileRef = CD472F552379FFE100DFCAB7 /* AddPictureContainer.swift */; };
		CD472F5A237C86CD00DFCAB7 /* ProfileUpdateState.swift in Sources */ = {isa = PBXBuildFile; fileRef = CD472F59237C86CD00DFCAB7 /* ProfileUpdateState.swift */; };
		CD472F5C237C86F600DFCAB7 /* ProfileUpdateActions.swift in Sources */ = {isa = PBXBuildFile; fileRef = CD472F5B237C86F600DFCAB7 /* ProfileUpdateActions.swift */; };
		CD472F5F237D388700DFCAB7 /* ImagePickerWrapper.swift in Sources */ = {isa = PBXBuildFile; fileRef = CD472F5E237D388700DFCAB7 /* ImagePickerWrapper.swift */; };
		CD472F61237D3C3500DFCAB7 /* ProfileUpdateReducer.swift in Sources */ = {isa = PBXBuildFile; fileRef = CD472F60237D3C3500DFCAB7 /* ProfileUpdateReducer.swift */; };
		CD472F63237ED23100DFCAB7 /* DataNetworking.swift in Sources */ = {isa = PBXBuildFile; fileRef = CD472F62237ED23100DFCAB7 /* DataNetworking.swift */; };
		CD472F65237ED24A00DFCAB7 /* MediumNetworking.swift in Sources */ = {isa = PBXBuildFile; fileRef = CD472F64237ED24A00DFCAB7 /* MediumNetworking.swift */; };
		CD472F68237ED2A000DFCAB7 /* MediumType.swift in Sources */ = {isa = PBXBuildFile; fileRef = CD472F67237ED2A000DFCAB7 /* MediumType.swift */; };
		CD472F6A237ED2C700DFCAB7 /* DataServiceConfig.swift in Sources */ = {isa = PBXBuildFile; fileRef = CD472F69237ED2C700DFCAB7 /* DataServiceConfig.swift */; };
		CD4890BA23746B9700AD57CD /* MiddlewareProvider.swift in Sources */ = {isa = PBXBuildFile; fileRef = CD4890B923746B9700AD57CD /* MiddlewareProvider.swift */; };
		CD4890BC23746BC400AD57CD /* LocationAction.swift in Sources */ = {isa = PBXBuildFile; fileRef = CD4890BB23746BC400AD57CD /* LocationAction.swift */; };
		CD4890BE23746BFB00AD57CD /* VMiddlewareProvider.swift in Sources */ = {isa = PBXBuildFile; fileRef = CD4890BD23746BFB00AD57CD /* VMiddlewareProvider.swift */; };
		CD6554AF2351B91900E6498A /* AppDelegate.swift in Sources */ = {isa = PBXBuildFile; fileRef = CD6554AE2351B91900E6498A /* AppDelegate.swift */; };
		CD6554B12351B91900E6498A /* SceneDelegate.swift in Sources */ = {isa = PBXBuildFile; fileRef = CD6554B02351B91900E6498A /* SceneDelegate.swift */; };
		CD6554B32351B91900E6498A /* ContentView.swift in Sources */ = {isa = PBXBuildFile; fileRef = CD6554B22351B91900E6498A /* ContentView.swift */; };
		CD6554B52351B91B00E6498A /* Assets.xcassets in Resources */ = {isa = PBXBuildFile; fileRef = CD6554B42351B91B00E6498A /* Assets.xcassets */; };
		CD6554B82351B91B00E6498A /* Preview Assets.xcassets in Resources */ = {isa = PBXBuildFile; fileRef = CD6554B72351B91B00E6498A /* Preview Assets.xcassets */; };
		CD6554BB2351B91B00E6498A /* LaunchScreen.storyboard in Resources */ = {isa = PBXBuildFile; fileRef = CD6554B92351B91B00E6498A /* LaunchScreen.storyboard */; };
		CD6554C62351B91B00E6498A /* VinderTests.swift in Sources */ = {isa = PBXBuildFile; fileRef = CD6554C52351B91B00E6498A /* VinderTests.swift */; };
		CD6554D12351B91B00E6498A /* VinderUITests.swift in Sources */ = {isa = PBXBuildFile; fileRef = CD6554D02351B91B00E6498A /* VinderUITests.swift */; };
		CD6554E42351D9CF00E6498A /* ProfilView.swift in Sources */ = {isa = PBXBuildFile; fileRef = CD6554E32351D9CF00E6498A /* ProfilView.swift */; };
		CD6554E623524D7C00E6498A /* ImageGallery.swift in Sources */ = {isa = PBXBuildFile; fileRef = CD6554E523524D7C00E6498A /* ImageGallery.swift */; };
		CD6554E82352533F00E6498A /* MatchesView.swift in Sources */ = {isa = PBXBuildFile; fileRef = CD6554E72352533F00E6498A /* MatchesView.swift */; };
		CD6554EA235256F900E6498A /* ConversationPreview.swift in Sources */ = {isa = PBXBuildFile; fileRef = CD6554E9235256F900E6498A /* ConversationPreview.swift */; };
		CD6554EC235258C900E6498A /* MatchesHome.swift in Sources */ = {isa = PBXBuildFile; fileRef = CD6554EB235258C900E6498A /* MatchesHome.swift */; };
		CD6554EE23525C5300E6498A /* SearchBar.swift in Sources */ = {isa = PBXBuildFile; fileRef = CD6554ED23525C5300E6498A /* SearchBar.swift */; };
		CD7C6F8623A79C8F002AEC3E /* MatchesContainer.swift in Sources */ = {isa = PBXBuildFile; fileRef = CD7C6F8523A79C8F002AEC3E /* MatchesContainer.swift */; };
		CD7C6F8823A7A0E1002AEC3E /* MatchesRowView.swift in Sources */ = {isa = PBXBuildFile; fileRef = CD7C6F8723A7A0E1002AEC3E /* MatchesRowView.swift */; };
		CD7C6F8B23A901F6002AEC3E /* ASCollectionView in Frameworks */ = {isa = PBXBuildFile; productRef = CD7C6F8A23A901F6002AEC3E /* ASCollectionView */; };
		CD87E02023703A4300F75568 /* ConversationState.swift in Sources */ = {isa = PBXBuildFile; fileRef = CD87E01F23703A4300F75568 /* ConversationState.swift */; };
		CD92B2F1236209A8006F0190 /* SwipingIconView.swift in Sources */ = {isa = PBXBuildFile; fileRef = CD92B2F0236209A8006F0190 /* SwipingIconView.swift */; };
		CD92B2F523621CF1006F0190 /* Swiping.swift in Sources */ = {isa = PBXBuildFile; fileRef = CD92B2F423621CF1006F0190 /* Swiping.swift */; };
		CD92B2F72362F607006F0190 /* AppState.swift in Sources */ = {isa = PBXBuildFile; fileRef = CD92B2F62362F607006F0190 /* AppState.swift */; };
		CD92B2FB23630135006F0190 /* AppReducer.swift in Sources */ = {isa = PBXBuildFile; fileRef = CD92B2FA23630135006F0190 /* AppReducer.swift */; };
		CD92B2FD23630986006F0190 /* AccountState.swift in Sources */ = {isa = PBXBuildFile; fileRef = CD92B2FC23630986006F0190 /* AccountState.swift */; };
		CD92B30123630C03006F0190 /* AccountReducer.swift in Sources */ = {isa = PBXBuildFile; fileRef = CD92B30023630C03006F0190 /* AccountReducer.swift */; };
		CD92B3062363116D006F0190 /* AccountActions.swift in Sources */ = {isa = PBXBuildFile; fileRef = CD92B3052363116D006F0190 /* AccountActions.swift */; };
		CD93AE6E238D9FFB00CA5683 /* AudioPlaying.swift in Sources */ = {isa = PBXBuildFile; fileRef = CD93AE6D238D9FFB00CA5683 /* AudioPlaying.swift */; };
		CD93AE70238DA02300CA5683 /* AudioPlayer.swift in Sources */ = {isa = PBXBuildFile; fileRef = CD93AE6F238DA02300CA5683 /* AudioPlayer.swift */; };
		CD93AE72238DA04C00CA5683 /* AudioRecording.swift in Sources */ = {isa = PBXBuildFile; fileRef = CD93AE71238DA04C00CA5683 /* AudioRecording.swift */; };
		CD93AE75238DABE400CA5683 /* AddBioViewModel.swift in Sources */ = {isa = PBXBuildFile; fileRef = CD93AE74238DABE400CA5683 /* AddBioViewModel.swift */; };
		CD93AE77238DAC0400CA5683 /* RecordBioAudio.swift in Sources */ = {isa = PBXBuildFile; fileRef = CD93AE76238DAC0400CA5683 /* RecordBioAudio.swift */; };
		CD93AE79238DAC2800CA5683 /* BioView.swift in Sources */ = {isa = PBXBuildFile; fileRef = CD93AE78238DAC2800CA5683 /* BioView.swift */; };
		CD93AE7B238DAC7900CA5683 /* MatchView.swift in Sources */ = {isa = PBXBuildFile; fileRef = CD93AE7A238DAC7900CA5683 /* MatchView.swift */; };
		CD972D0C236C57E90008F022 /* ProfileUpdate.swift in Sources */ = {isa = PBXBuildFile; fileRef = CD972D0B236C57E90008F022 /* ProfileUpdate.swift */; };
		CD972D0E236C580A0008F022 /* ProfilUpdating.swift in Sources */ = {isa = PBXBuildFile; fileRef = CD972D0D236C580A0008F022 /* ProfilUpdating.swift */; };
		CD972D10236C58230008F022 /* FirebaseProfilUpdater.swift in Sources */ = {isa = PBXBuildFile; fileRef = CD972D0F236C58230008F022 /* FirebaseProfilUpdater.swift */; };
		CD972D13236C8DBB0008F022 /* FirebaseConstants.swift in Sources */ = {isa = PBXBuildFile; fileRef = CD972D12236C8DBB0008F022 /* FirebaseConstants.swift */; };
		CD972D15236C8EB20008F022 /* ProfileReading.swift in Sources */ = {isa = PBXBuildFile; fileRef = CD972D14236C8EB20008F022 /* ProfileReading.swift */; };
		CD972D17236C8ECD0008F022 /* FirebaseProfileReader.swift in Sources */ = {isa = PBXBuildFile; fileRef = CD972D16236C8ECD0008F022 /* FirebaseProfileReader.swift */; };
		CD972D1F236DE85A0008F022 /* FirebaseMiddleware.swift in Sources */ = {isa = PBXBuildFile; fileRef = CD972D1E236DE85A0008F022 /* FirebaseMiddleware.swift */; };
		CD972D21236E204D0008F022 /* SinglePicture.swift in Sources */ = {isa = PBXBuildFile; fileRef = CD972D20236E204D0008F022 /* SinglePicture.swift */; };
		CDAC6D402371597200D68072 /* SwiftDux in Frameworks */ = {isa = PBXBuildFile; productRef = CDAC6D3F2371597200D68072 /* SwiftDux */; };
		CDBE2D922382C888006F0DCC /* AddBiography.swift in Sources */ = {isa = PBXBuildFile; fileRef = CDBE2D912382C888006F0DCC /* AddBiography.swift */; };
		CDBE2D9523841950006F0DCC /* RecordView.swift in Sources */ = {isa = PBXBuildFile; fileRef = CDBE2D9423841950006F0DCC /* RecordView.swift */; };
		CDBE2D982386BD98006F0DCC /* DatePickerWrapper.swift in Sources */ = {isa = PBXBuildFile; fileRef = CDBE2D972386BD98006F0DCC /* DatePickerWrapper.swift */; };
		CDBE2D9A2386BDB3006F0DCC /* TextFieldWrapper.swift in Sources */ = {isa = PBXBuildFile; fileRef = CDBE2D992386BDB3006F0DCC /* TextFieldWrapper.swift */; };
		CDCA463F2370653E00E72C6C /* TrackLocation.swift in Sources */ = {isa = PBXBuildFile; fileRef = CDCA463E2370653E00E72C6C /* TrackLocation.swift */; };
		CDCF3EDF2369AC77005C876A /* AnimatedPlaceholder.swift in Sources */ = {isa = PBXBuildFile; fileRef = CDCF3EDE2369AC77005C876A /* AnimatedPlaceholder.swift */; };
		CDD7BDA823551EE100F28C23 /* FirebaseDataService.swift in Sources */ = {isa = PBXBuildFile; fileRef = CDD7BDA723551EE100F28C23 /* FirebaseDataService.swift */; };
		CDD7BDAA2355202000F28C23 /* AudioService.swift in Sources */ = {isa = PBXBuildFile; fileRef = CDD7BDA92355202000F28C23 /* AudioService.swift */; };
		CDD7BDAC2358610500F28C23 /* README.md in Resources */ = {isa = PBXBuildFile; fileRef = CDD7BDAB2358610500F28C23 /* README.md */; };
		CDD7BDAE235864EE00F28C23 /* ExplorerContainer.swift in Sources */ = {isa = PBXBuildFile; fileRef = CDD7BDAD235864EE00F28C23 /* ExplorerContainer.swift */; };
		CDD7BDB023586C0400F28C23 /* TabBarView.swift in Sources */ = {isa = PBXBuildFile; fileRef = CDD7BDAF23586C0400F28C23 /* TabBarView.swift */; };
		CDD7BDB223588B5C00F28C23 /* Authentication.swift in Sources */ = {isa = PBXBuildFile; fileRef = CDD7BDB123588B5C00F28C23 /* Authentication.swift */; };
		CDD7BDB423588C9300F28C23 /* FirebaseAuthentication.swift in Sources */ = {isa = PBXBuildFile; fileRef = CDD7BDB323588C9300F28C23 /* FirebaseAuthentication.swift */; };
		CDD7BDB6235891D300F28C23 /* GoogleService-Info.plist in Resources */ = {isa = PBXBuildFile; fileRef = CDD7BDB5235891D300F28C23 /* GoogleService-Info.plist */; };
		CDD7BDB82358960500F28C23 /* LoginView.swift in Sources */ = {isa = PBXBuildFile; fileRef = CDD7BDB72358960500F28C23 /* LoginView.swift */; };
		CDDD9753237EF4BD00E462EF /* ActivityIndicator.swift in Sources */ = {isa = PBXBuildFile; fileRef = CDDD9752237EF4BD00E462EF /* ActivityIndicator.swift */; };
		CDDD9755237EF93A00E462EF /* ImageProcessingStatus.swift in Sources */ = {isa = PBXBuildFile; fileRef = CDDD9754237EF93A00E462EF /* ImageProcessingStatus.swift */; };
		CDDD9757237EFEE000E462EF /* SinglePictureViewModel.swift in Sources */ = {isa = PBXBuildFile; fileRef = CDDD9756237EFEE000E462EF /* SinglePictureViewModel.swift */; };
		CDDD9759237F1BC200E462EF /* PickerWrapper.swift in Sources */ = {isa = PBXBuildFile; fileRef = CDDD9758237F1BC200E462EF /* PickerWrapper.swift */; };
		CDFA9C3A235F9BF10069C341 /* ExplorerViewModel.swift in Sources */ = {isa = PBXBuildFile; fileRef = CDFA9C39235F9BF10069C341 /* ExplorerViewModel.swift */; };
		CDFA9C3E235FA0AC0069C341 /* Draggable.swift in Sources */ = {isa = PBXBuildFile; fileRef = CDFA9C3D235FA0AC0069C341 /* Draggable.swift */; };
		CDFA9C40235FA0ED0069C341 /* View+Draggable.swift in Sources */ = {isa = PBXBuildFile; fileRef = CDFA9C3F235FA0ED0069C341 /* View+Draggable.swift */; };
		CDFA9C432360A2F60069C341 /* CardView.swift in Sources */ = {isa = PBXBuildFile; fileRef = CDFA9C422360A2F60069C341 /* CardView.swift */; };
		CDFA9C452360A5DE0069C341 /* ProfilInfoView.swift in Sources */ = {isa = PBXBuildFile; fileRef = CDFA9C442360A5DE0069C341 /* ProfilInfoView.swift */; };
		CDFA9C472360AA3A0069C341 /* ProfilInfoViewModel.swift in Sources */ = {isa = PBXBuildFile; fileRef = CDFA9C462360AA3A0069C341 /* ProfilInfoViewModel.swift */; };
		CDFA9C4A2360C2150069C341 /* ViewBuilder.swift in Sources */ = {isa = PBXBuildFile; fileRef = CDFA9C492360C2150069C341 /* ViewBuilder.swift */; };
/* End PBXBuildFile section */

/* Begin PBXContainerItemProxy section */
		CD6554C22351B91B00E6498A /* PBXContainerItemProxy */ = {
			isa = PBXContainerItemProxy;
			containerPortal = CD6554A32351B91900E6498A /* Project object */;
			proxyType = 1;
			remoteGlobalIDString = CD6554AA2351B91900E6498A;
			remoteInfo = Vinder;
		};
		CD6554CD2351B91B00E6498A /* PBXContainerItemProxy */ = {
			isa = PBXContainerItemProxy;
			containerPortal = CD6554A32351B91900E6498A /* Project object */;
			proxyType = 1;
			remoteGlobalIDString = CD6554AA2351B91900E6498A;
			remoteInfo = Vinder;
		};
/* End PBXContainerItemProxy section */

/* Begin PBXFileReference section */
		0285C5D141556E7D0906529C /* Pods-Vinder-VinderUITests.debug.xcconfig */ = {isa = PBXFileReference; includeInIndex = 1; lastKnownFileType = text.xcconfig; name = "Pods-Vinder-VinderUITests.debug.xcconfig"; path = "Target Support Files/Pods-Vinder-VinderUITests/Pods-Vinder-VinderUITests.debug.xcconfig"; sourceTree = "<group>"; };
		0BB4BDA681FB042E1838F992 /* Pods-VinderTests.debug.xcconfig */ = {isa = PBXFileReference; includeInIndex = 1; lastKnownFileType = text.xcconfig; name = "Pods-VinderTests.debug.xcconfig"; path = "Target Support Files/Pods-VinderTests/Pods-VinderTests.debug.xcconfig"; sourceTree = "<group>"; };
		182CEF2F6483381EE7ECA33C /* Pods_VinderTests.framework */ = {isa = PBXFileReference; explicitFileType = wrapper.framework; includeInIndex = 0; path = Pods_VinderTests.framework; sourceTree = BUILT_PRODUCTS_DIR; };
		59CCEF8BD81E25EA9263963F /* Pods-Vinder.release.xcconfig */ = {isa = PBXFileReference; includeInIndex = 1; lastKnownFileType = text.xcconfig; name = "Pods-Vinder.release.xcconfig"; path = "Target Support Files/Pods-Vinder/Pods-Vinder.release.xcconfig"; sourceTree = "<group>"; };
		622929F74ED5DF23F5A6ED66 /* Pods-VinderUITests.release.xcconfig */ = {isa = PBXFileReference; includeInIndex = 1; lastKnownFileType = text.xcconfig; name = "Pods-VinderUITests.release.xcconfig"; path = "Target Support Files/Pods-VinderUITests/Pods-VinderUITests.release.xcconfig"; sourceTree = "<group>"; };
		971FBF70B77F9A2E127214AF /* Pods-Vinder.debug.xcconfig */ = {isa = PBXFileReference; includeInIndex = 1; lastKnownFileType = text.xcconfig; name = "Pods-Vinder.debug.xcconfig"; path = "Target Support Files/Pods-Vinder/Pods-Vinder.debug.xcconfig"; sourceTree = "<group>"; };
		CD24421623547FD600C357EE /* CRUD.swift */ = {isa = PBXFileReference; lastKnownFileType = sourcecode.swift; path = CRUD.swift; sourceTree = "<group>"; };
		CD24421A2354801C00C357EE /* Account.swift */ = {isa = PBXFileReference; lastKnownFileType = sourcecode.swift; path = Account.swift; sourceTree = "<group>"; };
		CD24421C2354802B00C357EE /* Profile.swift */ = {isa = PBXFileReference; lastKnownFileType = sourcecode.swift; path = Profile.swift; sourceTree = "<group>"; };
		CD24421E2354803900C357EE /* Conversation.swift */ = {isa = PBXFileReference; lastKnownFileType = sourcecode.swift; path = Conversation.swift; sourceTree = "<group>"; };
		CD2442202354804700C357EE /* Message.swift */ = {isa = PBXFileReference; lastKnownFileType = sourcecode.swift; path = Message.swift; sourceTree = "<group>"; };
		CD2442222354976300C357EE /* MatchProfile.swift */ = {isa = PBXFileReference; lastKnownFileType = sourcecode.swift; path = MatchProfile.swift; sourceTree = "<group>"; };
		CD2442242354997400C357EE /* Matching.swift */ = {isa = PBXFileReference; lastKnownFileType = sourcecode.swift; path = Matching.swift; sourceTree = "<group>"; };
		CD24422723549C1300C357EE /* AudioRecorder.swift */ = {isa = PBXFileReference; lastKnownFileType = sourcecode.swift; path = AudioRecorder.swift; sourceTree = "<group>"; };
		CD2442292354E33100C357EE /* ImageService.swift */ = {isa = PBXFileReference; lastKnownFileType = sourcecode.swift; path = ImageService.swift; sourceTree = "<group>"; };
		CD27F65E2358AEA1005224C9 /* FUIAuthBaseViewControllerWrapper.swift */ = {isa = PBXFileReference; lastKnownFileType = sourcecode.swift; path = FUIAuthBaseViewControllerWrapper.swift; sourceTree = "<group>"; };
		CD27F660235903F3005224C9 /* SessionState.swift */ = {isa = PBXFileReference; lastKnownFileType = sourcecode.swift; path = SessionState.swift; sourceTree = "<group>"; };
		CD2A6D95236379A400EEDDA5 /* AuthFirebaseListener.swift */ = {isa = PBXFileReference; lastKnownFileType = sourcecode.swift; path = AuthFirebaseListener.swift; sourceTree = "<group>"; };
		CD2A6D9E236466A200EEDDA5 /* Store.swift */ = {isa = PBXFileReference; lastKnownFileType = sourcecode.swift; path = Store.swift; sourceTree = "<group>"; };
		CD2A6DA12364A5D500EEDDA5 /* TabBarItem.swift */ = {isa = PBXFileReference; lastKnownFileType = sourcecode.swift; path = TabBarItem.swift; sourceTree = "<group>"; };
		CD2A6DA32364A64600EEDDA5 /* TabBarViewModel.swift */ = {isa = PBXFileReference; lastKnownFileType = sourcecode.swift; path = TabBarViewModel.swift; sourceTree = "<group>"; };
		CD2A6DA52364B1DA00EEDDA5 /* SwipingState.swift */ = {isa = PBXFileReference; lastKnownFileType = sourcecode.swift; path = SwipingState.swift; sourceTree = "<group>"; };
		CD2A6DA72364B25B00EEDDA5 /* SwipingReducer.swift */ = {isa = PBXFileReference; lastKnownFileType = sourcecode.swift; path = SwipingReducer.swift; sourceTree = "<group>"; };
		CD2A6DA92364B2A700EEDDA5 /* SwipingActions.swift */ = {isa = PBXFileReference; lastKnownFileType = sourcecode.swift; path = SwipingActions.swift; sourceTree = "<group>"; };
		CD3B85E4236860AC0007C0D4 /* SwipeableView.swift */ = {isa = PBXFileReference; lastKnownFileType = sourcecode.swift; path = SwipeableView.swift; sourceTree = "<group>"; };
		CD472F4E2379A26B00DFCAB7 /* KingfisherBridge.swift */ = {isa = PBXFileReference; lastKnownFileType = sourcecode.swift; path = KingfisherBridge.swift; sourceTree = "<group>"; };
		CD472F512379F43D00DFCAB7 /* Extension+Array.swift */ = {isa = PBXFileReference; lastKnownFileType = sourcecode.swift; path = "Extension+Array.swift"; sourceTree = "<group>"; };
		CD472F532379F89B00DFCAB7 /* ProfilContainer.swift */ = {isa = PBXFileReference; lastKnownFileType = sourcecode.swift; path = ProfilContainer.swift; sourceTree = "<group>"; };
		CD472F552379FFE100DFCAB7 /* AddPictureContainer.swift */ = {isa = PBXFileReference; lastKnownFileType = sourcecode.swift; path = AddPictureContainer.swift; sourceTree = "<group>"; };
		CD472F59237C86CD00DFCAB7 /* ProfileUpdateState.swift */ = {isa = PBXFileReference; lastKnownFileType = sourcecode.swift; path = ProfileUpdateState.swift; sourceTree = "<group>"; };
		CD472F5B237C86F600DFCAB7 /* ProfileUpdateActions.swift */ = {isa = PBXFileReference; lastKnownFileType = sourcecode.swift; path = ProfileUpdateActions.swift; sourceTree = "<group>"; };
		CD472F5E237D388700DFCAB7 /* ImagePickerWrapper.swift */ = {isa = PBXFileReference; lastKnownFileType = sourcecode.swift; path = ImagePickerWrapper.swift; sourceTree = "<group>"; };
		CD472F60237D3C3500DFCAB7 /* ProfileUpdateReducer.swift */ = {isa = PBXFileReference; lastKnownFileType = sourcecode.swift; path = ProfileUpdateReducer.swift; sourceTree = "<group>"; };
		CD472F62237ED23100DFCAB7 /* DataNetworking.swift */ = {isa = PBXFileReference; lastKnownFileType = sourcecode.swift; path = DataNetworking.swift; sourceTree = "<group>"; };
		CD472F64237ED24A00DFCAB7 /* MediumNetworking.swift */ = {isa = PBXFileReference; lastKnownFileType = sourcecode.swift; path = MediumNetworking.swift; sourceTree = "<group>"; };
		CD472F67237ED2A000DFCAB7 /* MediumType.swift */ = {isa = PBXFileReference; lastKnownFileType = sourcecode.swift; path = MediumType.swift; sourceTree = "<group>"; };
		CD472F69237ED2C700DFCAB7 /* DataServiceConfig.swift */ = {isa = PBXFileReference; lastKnownFileType = sourcecode.swift; path = DataServiceConfig.swift; sourceTree = "<group>"; };
		CD4890B923746B9700AD57CD /* MiddlewareProvider.swift */ = {isa = PBXFileReference; lastKnownFileType = sourcecode.swift; path = MiddlewareProvider.swift; sourceTree = "<group>"; };
		CD4890BB23746BC400AD57CD /* LocationAction.swift */ = {isa = PBXFileReference; lastKnownFileType = sourcecode.swift; path = LocationAction.swift; sourceTree = "<group>"; };
		CD4890BD23746BFB00AD57CD /* VMiddlewareProvider.swift */ = {isa = PBXFileReference; lastKnownFileType = sourcecode.swift; path = VMiddlewareProvider.swift; sourceTree = "<group>"; };
		CD6554AB2351B91900E6498A /* Vinder.app */ = {isa = PBXFileReference; explicitFileType = wrapper.application; includeInIndex = 0; path = Vinder.app; sourceTree = BUILT_PRODUCTS_DIR; };
		CD6554AE2351B91900E6498A /* AppDelegate.swift */ = {isa = PBXFileReference; lastKnownFileType = sourcecode.swift; path = AppDelegate.swift; sourceTree = "<group>"; };
		CD6554B02351B91900E6498A /* SceneDelegate.swift */ = {isa = PBXFileReference; lastKnownFileType = sourcecode.swift; path = SceneDelegate.swift; sourceTree = "<group>"; };
		CD6554B22351B91900E6498A /* ContentView.swift */ = {isa = PBXFileReference; lastKnownFileType = sourcecode.swift; path = ContentView.swift; sourceTree = "<group>"; };
		CD6554B42351B91B00E6498A /* Assets.xcassets */ = {isa = PBXFileReference; lastKnownFileType = folder.assetcatalog; path = Assets.xcassets; sourceTree = "<group>"; };
		CD6554B72351B91B00E6498A /* Preview Assets.xcassets */ = {isa = PBXFileReference; lastKnownFileType = folder.assetcatalog; path = "Preview Assets.xcassets"; sourceTree = "<group>"; };
		CD6554BA2351B91B00E6498A /* Base */ = {isa = PBXFileReference; lastKnownFileType = file.storyboard; name = Base; path = Base.lproj/LaunchScreen.storyboard; sourceTree = "<group>"; };
		CD6554BC2351B91B00E6498A /* Info.plist */ = {isa = PBXFileReference; lastKnownFileType = text.plist.xml; path = Info.plist; sourceTree = "<group>"; };
		CD6554C12351B91B00E6498A /* VinderTests.xctest */ = {isa = PBXFileReference; explicitFileType = wrapper.cfbundle; includeInIndex = 0; path = VinderTests.xctest; sourceTree = BUILT_PRODUCTS_DIR; };
		CD6554C52351B91B00E6498A /* VinderTests.swift */ = {isa = PBXFileReference; lastKnownFileType = sourcecode.swift; path = VinderTests.swift; sourceTree = "<group>"; };
		CD6554C72351B91B00E6498A /* Info.plist */ = {isa = PBXFileReference; lastKnownFileType = text.plist.xml; path = Info.plist; sourceTree = "<group>"; };
		CD6554CC2351B91B00E6498A /* VinderUITests.xctest */ = {isa = PBXFileReference; explicitFileType = wrapper.cfbundle; includeInIndex = 0; path = VinderUITests.xctest; sourceTree = BUILT_PRODUCTS_DIR; };
		CD6554D02351B91B00E6498A /* VinderUITests.swift */ = {isa = PBXFileReference; lastKnownFileType = sourcecode.swift; path = VinderUITests.swift; sourceTree = "<group>"; };
		CD6554D22351B91B00E6498A /* Info.plist */ = {isa = PBXFileReference; lastKnownFileType = text.plist.xml; path = Info.plist; sourceTree = "<group>"; };
		CD6554E32351D9CF00E6498A /* ProfilView.swift */ = {isa = PBXFileReference; lastKnownFileType = sourcecode.swift; path = ProfilView.swift; sourceTree = "<group>"; };
		CD6554E523524D7C00E6498A /* ImageGallery.swift */ = {isa = PBXFileReference; lastKnownFileType = sourcecode.swift; path = ImageGallery.swift; sourceTree = "<group>"; };
		CD6554E72352533F00E6498A /* MatchesView.swift */ = {isa = PBXFileReference; lastKnownFileType = sourcecode.swift; path = MatchesView.swift; sourceTree = "<group>"; };
		CD6554E9235256F900E6498A /* ConversationPreview.swift */ = {isa = PBXFileReference; lastKnownFileType = sourcecode.swift; path = ConversationPreview.swift; sourceTree = "<group>"; };
		CD6554EB235258C900E6498A /* MatchesHome.swift */ = {isa = PBXFileReference; lastKnownFileType = sourcecode.swift; path = MatchesHome.swift; sourceTree = "<group>"; };
		CD6554ED23525C5300E6498A /* SearchBar.swift */ = {isa = PBXFileReference; lastKnownFileType = sourcecode.swift; path = SearchBar.swift; sourceTree = "<group>"; };
		CD7C6F8523A79C8F002AEC3E /* MatchesContainer.swift */ = {isa = PBXFileReference; lastKnownFileType = sourcecode.swift; path = MatchesContainer.swift; sourceTree = "<group>"; };
		CD7C6F8723A7A0E1002AEC3E /* MatchesRowView.swift */ = {isa = PBXFileReference; lastKnownFileType = sourcecode.swift; path = MatchesRowView.swift; sourceTree = "<group>"; };
		CD87E01F23703A4300F75568 /* ConversationState.swift */ = {isa = PBXFileReference; lastKnownFileType = sourcecode.swift; path = ConversationState.swift; sourceTree = "<group>"; };
		CD92B2F0236209A8006F0190 /* SwipingIconView.swift */ = {isa = PBXFileReference; lastKnownFileType = sourcecode.swift; path = SwipingIconView.swift; sourceTree = "<group>"; };
		CD92B2F423621CF1006F0190 /* Swiping.swift */ = {isa = PBXFileReference; lastKnownFileType = sourcecode.swift; path = Swiping.swift; sourceTree = "<group>"; };
		CD92B2F62362F607006F0190 /* AppState.swift */ = {isa = PBXFileReference; lastKnownFileType = sourcecode.swift; path = AppState.swift; sourceTree = "<group>"; };
		CD92B2FA23630135006F0190 /* AppReducer.swift */ = {isa = PBXFileReference; lastKnownFileType = sourcecode.swift; path = AppReducer.swift; sourceTree = "<group>"; };
		CD92B2FC23630986006F0190 /* AccountState.swift */ = {isa = PBXFileReference; lastKnownFileType = sourcecode.swift; path = AccountState.swift; sourceTree = "<group>"; };
		CD92B30023630C03006F0190 /* AccountReducer.swift */ = {isa = PBXFileReference; lastKnownFileType = sourcecode.swift; path = AccountReducer.swift; sourceTree = "<group>"; };
		CD92B3052363116D006F0190 /* AccountActions.swift */ = {isa = PBXFileReference; lastKnownFileType = sourcecode.swift; path = AccountActions.swift; sourceTree = "<group>"; };
		CD93AE6D238D9FFB00CA5683 /* AudioPlaying.swift */ = {isa = PBXFileReference; lastKnownFileType = sourcecode.swift; path = AudioPlaying.swift; sourceTree = "<group>"; };
		CD93AE6F238DA02300CA5683 /* AudioPlayer.swift */ = {isa = PBXFileReference; lastKnownFileType = sourcecode.swift; path = AudioPlayer.swift; sourceTree = "<group>"; };
		CD93AE71238DA04C00CA5683 /* AudioRecording.swift */ = {isa = PBXFileReference; lastKnownFileType = sourcecode.swift; path = AudioRecording.swift; sourceTree = "<group>"; };
		CD93AE74238DABE400CA5683 /* AddBioViewModel.swift */ = {isa = PBXFileReference; lastKnownFileType = sourcecode.swift; path = AddBioViewModel.swift; sourceTree = "<group>"; };
		CD93AE76238DAC0400CA5683 /* RecordBioAudio.swift */ = {isa = PBXFileReference; lastKnownFileType = sourcecode.swift; path = RecordBioAudio.swift; sourceTree = "<group>"; };
		CD93AE78238DAC2800CA5683 /* BioView.swift */ = {isa = PBXFileReference; lastKnownFileType = sourcecode.swift; path = BioView.swift; sourceTree = "<group>"; };
		CD93AE7A238DAC7900CA5683 /* MatchView.swift */ = {isa = PBXFileReference; lastKnownFileType = sourcecode.swift; path = MatchView.swift; sourceTree = "<group>"; };
		CD972D0B236C57E90008F022 /* ProfileUpdate.swift */ = {isa = PBXFileReference; lastKnownFileType = sourcecode.swift; path = ProfileUpdate.swift; sourceTree = "<group>"; };
		CD972D0D236C580A0008F022 /* ProfilUpdating.swift */ = {isa = PBXFileReference; lastKnownFileType = sourcecode.swift; path = ProfilUpdating.swift; sourceTree = "<group>"; };
		CD972D0F236C58230008F022 /* FirebaseProfilUpdater.swift */ = {isa = PBXFileReference; lastKnownFileType = sourcecode.swift; path = FirebaseProfilUpdater.swift; sourceTree = "<group>"; };
		CD972D12236C8DBB0008F022 /* FirebaseConstants.swift */ = {isa = PBXFileReference; lastKnownFileType = sourcecode.swift; path = FirebaseConstants.swift; sourceTree = "<group>"; };
		CD972D14236C8EB20008F022 /* ProfileReading.swift */ = {isa = PBXFileReference; lastKnownFileType = sourcecode.swift; path = ProfileReading.swift; sourceTree = "<group>"; };
		CD972D16236C8ECD0008F022 /* FirebaseProfileReader.swift */ = {isa = PBXFileReference; lastKnownFileType = sourcecode.swift; path = FirebaseProfileReader.swift; sourceTree = "<group>"; };
		CD972D1E236DE85A0008F022 /* FirebaseMiddleware.swift */ = {isa = PBXFileReference; lastKnownFileType = sourcecode.swift; path = FirebaseMiddleware.swift; sourceTree = "<group>"; };
		CD972D20236E204D0008F022 /* SinglePicture.swift */ = {isa = PBXFileReference; lastKnownFileType = sourcecode.swift; path = SinglePicture.swift; sourceTree = "<group>"; };
		CD972F609C603009BA9AE251 /* Pods_VinderUITests.framework */ = {isa = PBXFileReference; explicitFileType = wrapper.framework; includeInIndex = 0; path = Pods_VinderUITests.framework; sourceTree = BUILT_PRODUCTS_DIR; };
		CDBE2D912382C888006F0DCC /* AddBiography.swift */ = {isa = PBXFileReference; lastKnownFileType = sourcecode.swift; path = AddBiography.swift; sourceTree = "<group>"; };
		CDBE2D9423841950006F0DCC /* RecordView.swift */ = {isa = PBXFileReference; lastKnownFileType = sourcecode.swift; path = RecordView.swift; sourceTree = "<group>"; };
		CDBE2D972386BD98006F0DCC /* DatePickerWrapper.swift */ = {isa = PBXFileReference; lastKnownFileType = sourcecode.swift; path = DatePickerWrapper.swift; sourceTree = "<group>"; };
		CDBE2D992386BDB3006F0DCC /* TextFieldWrapper.swift */ = {isa = PBXFileReference; lastKnownFileType = sourcecode.swift; path = TextFieldWrapper.swift; sourceTree = "<group>"; };
		CDCA463E2370653E00E72C6C /* TrackLocation.swift */ = {isa = PBXFileReference; lastKnownFileType = sourcecode.swift; path = TrackLocation.swift; sourceTree = "<group>"; };
		CDCF3EDE2369AC77005C876A /* AnimatedPlaceholder.swift */ = {isa = PBXFileReference; lastKnownFileType = sourcecode.swift; path = AnimatedPlaceholder.swift; sourceTree = "<group>"; };
		CDD7BDA723551EE100F28C23 /* FirebaseDataService.swift */ = {isa = PBXFileReference; lastKnownFileType = sourcecode.swift; path = FirebaseDataService.swift; sourceTree = "<group>"; };
		CDD7BDA92355202000F28C23 /* AudioService.swift */ = {isa = PBXFileReference; lastKnownFileType = sourcecode.swift; path = AudioService.swift; sourceTree = "<group>"; };
		CDD7BDAB2358610500F28C23 /* README.md */ = {isa = PBXFileReference; lastKnownFileType = net.daringfireball.markdown; path = README.md; sourceTree = "<group>"; };
		CDD7BDAD235864EE00F28C23 /* ExplorerContainer.swift */ = {isa = PBXFileReference; lastKnownFileType = sourcecode.swift; path = ExplorerContainer.swift; sourceTree = "<group>"; };
		CDD7BDAF23586C0400F28C23 /* TabBarView.swift */ = {isa = PBXFileReference; lastKnownFileType = sourcecode.swift; path = TabBarView.swift; sourceTree = "<group>"; };
		CDD7BDB123588B5C00F28C23 /* Authentication.swift */ = {isa = PBXFileReference; lastKnownFileType = sourcecode.swift; path = Authentication.swift; sourceTree = "<group>"; };
		CDD7BDB323588C9300F28C23 /* FirebaseAuthentication.swift */ = {isa = PBXFileReference; lastKnownFileType = sourcecode.swift; path = FirebaseAuthentication.swift; sourceTree = "<group>"; };
		CDD7BDB5235891D300F28C23 /* GoogleService-Info.plist */ = {isa = PBXFileReference; lastKnownFileType = text.plist; path = "GoogleService-Info.plist"; sourceTree = SOURCE_ROOT; };
		CDD7BDB72358960500F28C23 /* LoginView.swift */ = {isa = PBXFileReference; lastKnownFileType = sourcecode.swift; path = LoginView.swift; sourceTree = "<group>"; };
		CDDD9752237EF4BD00E462EF /* ActivityIndicator.swift */ = {isa = PBXFileReference; lastKnownFileType = sourcecode.swift; path = ActivityIndicator.swift; sourceTree = "<group>"; };
		CDDD9754237EF93A00E462EF /* ImageProcessingStatus.swift */ = {isa = PBXFileReference; lastKnownFileType = sourcecode.swift; path = ImageProcessingStatus.swift; sourceTree = "<group>"; };
		CDDD9756237EFEE000E462EF /* SinglePictureViewModel.swift */ = {isa = PBXFileReference; lastKnownFileType = sourcecode.swift; path = SinglePictureViewModel.swift; sourceTree = "<group>"; };
		CDDD9758237F1BC200E462EF /* PickerWrapper.swift */ = {isa = PBXFileReference; lastKnownFileType = sourcecode.swift; path = PickerWrapper.swift; sourceTree = "<group>"; };
		CDFA9C39235F9BF10069C341 /* ExplorerViewModel.swift */ = {isa = PBXFileReference; lastKnownFileType = sourcecode.swift; path = ExplorerViewModel.swift; sourceTree = "<group>"; };
		CDFA9C3D235FA0AC0069C341 /* Draggable.swift */ = {isa = PBXFileReference; lastKnownFileType = sourcecode.swift; path = Draggable.swift; sourceTree = "<group>"; };
		CDFA9C3F235FA0ED0069C341 /* View+Draggable.swift */ = {isa = PBXFileReference; lastKnownFileType = sourcecode.swift; path = "View+Draggable.swift"; sourceTree = "<group>"; };
		CDFA9C422360A2F60069C341 /* CardView.swift */ = {isa = PBXFileReference; lastKnownFileType = sourcecode.swift; path = CardView.swift; sourceTree = "<group>"; };
		CDFA9C442360A5DE0069C341 /* ProfilInfoView.swift */ = {isa = PBXFileReference; lastKnownFileType = sourcecode.swift; path = ProfilInfoView.swift; sourceTree = "<group>"; };
		CDFA9C462360AA3A0069C341 /* ProfilInfoViewModel.swift */ = {isa = PBXFileReference; lastKnownFileType = sourcecode.swift; path = ProfilInfoViewModel.swift; sourceTree = "<group>"; };
		CDFA9C492360C2150069C341 /* ViewBuilder.swift */ = {isa = PBXFileReference; lastKnownFileType = sourcecode.swift; path = ViewBuilder.swift; sourceTree = "<group>"; };
		D5B2104FB81B44AA9396BC23 /* Pods-VinderTests.release.xcconfig */ = {isa = PBXFileReference; includeInIndex = 1; lastKnownFileType = text.xcconfig; name = "Pods-VinderTests.release.xcconfig"; path = "Target Support Files/Pods-VinderTests/Pods-VinderTests.release.xcconfig"; sourceTree = "<group>"; };
		EAEE466B152FBBBF6388D24D /* Pods-VinderUITests.debug.xcconfig */ = {isa = PBXFileReference; includeInIndex = 1; lastKnownFileType = text.xcconfig; name = "Pods-VinderUITests.debug.xcconfig"; path = "Target Support Files/Pods-VinderUITests/Pods-VinderUITests.debug.xcconfig"; sourceTree = "<group>"; };
		FC214EDC9725446E99F97732 /* Pods_Vinder.framework */ = {isa = PBXFileReference; explicitFileType = wrapper.framework; includeInIndex = 0; path = Pods_Vinder.framework; sourceTree = BUILT_PRODUCTS_DIR; };
		FE1603D1A3108BED9EAD8F7B /* Pods-Vinder-VinderUITests.release.xcconfig */ = {isa = PBXFileReference; includeInIndex = 1; lastKnownFileType = text.xcconfig; name = "Pods-Vinder-VinderUITests.release.xcconfig"; path = "Target Support Files/Pods-Vinder-VinderUITests/Pods-Vinder-VinderUITests.release.xcconfig"; sourceTree = "<group>"; };
/* End PBXFileReference section */

/* Begin PBXFrameworksBuildPhase section */
		CD6554A82351B91900E6498A /* Frameworks */ = {
			isa = PBXFrameworksBuildPhase;
			buildActionMask = 2147483647;
			files = (
				CD24420E235327AC00C357EE /* SwiftUIFlux in Frameworks */,
				C3530AD12A5B4174A991C067 /* Pods_Vinder.framework in Frameworks */,
				CDAC6D402371597200D68072 /* SwiftDux in Frameworks */,
				CD7C6F8B23A901F6002AEC3E /* ASCollectionView in Frameworks */,
			);
			runOnlyForDeploymentPostprocessing = 0;
		};
		CD6554BE2351B91B00E6498A /* Frameworks */ = {
			isa = PBXFrameworksBuildPhase;
			buildActionMask = 2147483647;
			files = (
				BE8F7D6903D2C3656310EC1E /* Pods_VinderTests.framework in Frameworks */,
			);
			runOnlyForDeploymentPostprocessing = 0;
		};
		CD6554C92351B91B00E6498A /* Frameworks */ = {
			isa = PBXFrameworksBuildPhase;
			buildActionMask = 2147483647;
			files = (
				855EA65A5CC45EADCD054C28 /* Pods_VinderUITests.framework in Frameworks */,
			);
			runOnlyForDeploymentPostprocessing = 0;
		};
/* End PBXFrameworksBuildPhase section */

/* Begin PBXGroup section */
		1BE3B2F1498C5868CFB5BE79 /* Pods */ = {
			isa = PBXGroup;
			children = (
				971FBF70B77F9A2E127214AF /* Pods-Vinder.debug.xcconfig */,
				59CCEF8BD81E25EA9263963F /* Pods-Vinder.release.xcconfig */,
				0285C5D141556E7D0906529C /* Pods-Vinder-VinderUITests.debug.xcconfig */,
				FE1603D1A3108BED9EAD8F7B /* Pods-Vinder-VinderUITests.release.xcconfig */,
				0BB4BDA681FB042E1838F992 /* Pods-VinderTests.debug.xcconfig */,
				D5B2104FB81B44AA9396BC23 /* Pods-VinderTests.release.xcconfig */,
				EAEE466B152FBBBF6388D24D /* Pods-VinderUITests.debug.xcconfig */,
				622929F74ED5DF23F5A6ED66 /* Pods-VinderUITests.release.xcconfig */,
			);
			path = Pods;
			sourceTree = "<group>";
		};
		67E147F2D273F3634F6745EE /* Frameworks */ = {
			isa = PBXGroup;
			children = (
				FC214EDC9725446E99F97732 /* Pods_Vinder.framework */,
				182CEF2F6483381EE7ECA33C /* Pods_VinderTests.framework */,
				CD972F609C603009BA9AE251 /* Pods_VinderUITests.framework */,
			);
			name = Frameworks;
			sourceTree = "<group>";
		};
		CD2432A52378728B004C916F /* Views */ = {
			isa = PBXGroup;
			children = (
				CDFA9C422360A2F60069C341 /* CardView.swift */,
				CD92B2F0236209A8006F0190 /* SwipingIconView.swift */,
				CD3B85E4236860AC0007C0D4 /* SwipeableView.swift */,
			);
			path = Views;
			sourceTree = "<group>";
		};
		CD2432A623787352004C916F /* ProfilContainer */ = {
			isa = PBXGroup;
			children = (
				CD2432A72378737D004C916F /* Views */,
				CD472F532379F89B00DFCAB7 /* ProfilContainer.swift */,
				CD472F552379FFE100DFCAB7 /* AddPictureContainer.swift */,
				CDDD9754237EF93A00E462EF /* ImageProcessingStatus.swift */,
			);
			path = ProfilContainer;
			sourceTree = "<group>";
		};
		CD2432A72378737D004C916F /* Views */ = {
			isa = PBXGroup;
			children = (
				CDBE2D932384192D006F0DCC /* Record */,
				CDBE2D902382C866006F0DCC /* AddBiography */,
				CD87E01E236EDE3700F75568 /* AddPicture */,
			);
			path = Views;
			sourceTree = "<group>";
		};
		CD24420F235328EA00C357EE /* Services */ = {
			isa = PBXGroup;
			children = (
				CD24422623549BF700C357EE /* Audio */,
				CD24421523547FA700C357EE /* Networking */,
				CDCA463E2370653E00E72C6C /* TrackLocation.swift */,
			);
			path = Services;
			sourceTree = "<group>";
		};
		CD24421023532D1700C357EE /* Firebase */ = {
			isa = PBXGroup;
			children = (
				CDD7BDB5235891D300F28C23 /* GoogleService-Info.plist */,
				CDD7BDB123588B5C00F28C23 /* Authentication.swift */,
				CDD7BDB323588C9300F28C23 /* FirebaseAuthentication.swift */,
				CD972D12236C8DBB0008F022 /* FirebaseConstants.swift */,
			);
			path = Firebase;
			sourceTree = "<group>";
		};
		CD24421523547FA700C357EE /* Networking */ = {
			isa = PBXGroup;
			children = (
				CD972D11236C8BF60008F022 /* ProfileReader */,
				CD972D0A236C57B70008F022 /* ProfileUpdate */,
				CD472F66237ED25A00DFCAB7 /* CRUD */,
				CD2442242354997400C357EE /* Matching.swift */,
				CD472F67237ED2A000DFCAB7 /* MediumType.swift */,
				CD472F69237ED2C700DFCAB7 /* DataServiceConfig.swift */,
				CD2442292354E33100C357EE /* ImageService.swift */,
				CDD7BDA92355202000F28C23 /* AudioService.swift */,
				CDD7BDA723551EE100F28C23 /* FirebaseDataService.swift */,
			);
			path = Networking;
			sourceTree = "<group>";
		};
		CD2442182354800000C357EE /* Flux */ = {
			isa = PBXGroup;
			children = (
				CD92B30223630DD2006F0190 /* middlewares */,
				CD8C21DE2359EA6F0036A11F /* reducers */,
				CD8C21DD2359EA3F0036A11F /* actions */,
				CD8C21DC2359EA360036A11F /* state */,
				CD2442192354800700C357EE /* Models */,
			);
			path = Flux;
			sourceTree = "<group>";
		};
		CD2442192354800700C357EE /* Models */ = {
			isa = PBXGroup;
			children = (
				CD24421A2354801C00C357EE /* Account.swift */,
				CD24421C2354802B00C357EE /* Profile.swift */,
				CD24421E2354803900C357EE /* Conversation.swift */,
				CD2442222354976300C357EE /* MatchProfile.swift */,
				CD2442202354804700C357EE /* Message.swift */,
			);
			path = Models;
			sourceTree = "<group>";
		};
		CD24422623549BF700C357EE /* Audio */ = {
			isa = PBXGroup;
			children = (
				CD24422723549C1300C357EE /* AudioRecorder.swift */,
				CD93AE6D238D9FFB00CA5683 /* AudioPlaying.swift */,
				CD93AE6F238DA02300CA5683 /* AudioPlayer.swift */,
				CD93AE71238DA04C00CA5683 /* AudioRecording.swift */,
			);
			path = Audio;
			sourceTree = "<group>";
		};
		CD2A6D9D2364604C00EEDDA5 /* Archiv */ = {
			isa = PBXGroup;
			children = (
				CD2A6D95236379A400EEDDA5 /* AuthFirebaseListener.swift */,
				CD27F660235903F3005224C9 /* SessionState.swift */,
			);
			path = Archiv;
			sourceTree = "<group>";
		};
		CD2A6DA02364A5BC00EEDDA5 /* TabBar */ = {
			isa = PBXGroup;
			children = (
				CD2A6DA32364A64600EEDDA5 /* TabBarViewModel.swift */,
				CDD7BDAF23586C0400F28C23 /* TabBarView.swift */,
				CD2A6DA12364A5D500EEDDA5 /* TabBarItem.swift */,
			);
			path = TabBar;
			sourceTree = "<group>";
		};
		CD2A6DAD2364E9E000EEDDA5 /* ViewModels */ = {
			isa = PBXGroup;
			children = (
				CDFA9C462360AA3A0069C341 /* ProfilInfoViewModel.swift */,
			);
			path = ViewModels;
			sourceTree = "<group>";
		};
		CD472F502379F40A00DFCAB7 /* Helpers */ = {
			isa = PBXGroup;
			children = (
				CD472F512379F43D00DFCAB7 /* Extension+Array.swift */,
			);
			path = Helpers;
			sourceTree = "<group>";
		};
		CD472F5D237D386700DFCAB7 /* UIKit Wrapper */ = {
			isa = PBXGroup;
			children = (
				CD27F65E2358AEA1005224C9 /* FUIAuthBaseViewControllerWrapper.swift */,
				CD472F5E237D388700DFCAB7 /* ImagePickerWrapper.swift */,
			);
			path = "UIKit Wrapper";
			sourceTree = "<group>";
		};
		CD472F66237ED25A00DFCAB7 /* CRUD */ = {
			isa = PBXGroup;
			children = (
				CD24421623547FD600C357EE /* CRUD.swift */,
				CD472F64237ED24A00DFCAB7 /* MediumNetworking.swift */,
				CD472F62237ED23100DFCAB7 /* DataNetworking.swift */,
			);
			path = CRUD;
			sourceTree = "<group>";
		};
		CD6554A22351B91900E6498A = {
			isa = PBXGroup;
			children = (
				CDD7BDAB2358610500F28C23 /* README.md */,
				CD6554AD2351B91900E6498A /* Vinder */,
				CD6554C42351B91B00E6498A /* VinderTests */,
				CD6554CF2351B91B00E6498A /* VinderUITests */,
				CD6554AC2351B91900E6498A /* Products */,
				1BE3B2F1498C5868CFB5BE79 /* Pods */,
				67E147F2D273F3634F6745EE /* Frameworks */,
			);
			sourceTree = "<group>";
		};
		CD6554AC2351B91900E6498A /* Products */ = {
			isa = PBXGroup;
			children = (
				CD6554AB2351B91900E6498A /* Vinder.app */,
				CD6554C12351B91B00E6498A /* VinderTests.xctest */,
				CD6554CC2351B91B00E6498A /* VinderUITests.xctest */,
			);
			name = Products;
			sourceTree = "<group>";
		};
		CD6554AD2351B91900E6498A /* Vinder */ = {
			isa = PBXGroup;
			children = (
				CD2442182354800000C357EE /* Flux */,
				CD24421023532D1700C357EE /* Firebase */,
				CD24420F235328EA00C357EE /* Services */,
				CD6554DE2351D5A200E6498A /* Launch */,
				CD472F502379F40A00DFCAB7 /* Helpers */,
				CD6554DF2351D5AF00E6498A /* Views */,
				CD6554B22351B91900E6498A /* ContentView.swift */,
				CD6554B42351B91B00E6498A /* Assets.xcassets */,
				CD6554B92351B91B00E6498A /* LaunchScreen.storyboard */,
				CD6554BC2351B91B00E6498A /* Info.plist */,
				CD2A6D9D2364604C00EEDDA5 /* Archiv */,
				CD6554B62351B91B00E6498A /* Preview Content */,
			);
			path = Vinder;
			sourceTree = "<group>";
		};
		CD6554B62351B91B00E6498A /* Preview Content */ = {
			isa = PBXGroup;
			children = (
				CD6554B72351B91B00E6498A /* Preview Assets.xcassets */,
			);
			path = "Preview Content";
			sourceTree = "<group>";
		};
		CD6554C42351B91B00E6498A /* VinderTests */ = {
			isa = PBXGroup;
			children = (
				CD6554C52351B91B00E6498A /* VinderTests.swift */,
				CD6554C72351B91B00E6498A /* Info.plist */,
			);
			path = VinderTests;
			sourceTree = "<group>";
		};
		CD6554CF2351B91B00E6498A /* VinderUITests */ = {
			isa = PBXGroup;
			children = (
				CD6554D02351B91B00E6498A /* VinderUITests.swift */,
				CD6554D22351B91B00E6498A /* Info.plist */,
			);
			path = VinderUITests;
			sourceTree = "<group>";
		};
		CD6554DE2351D5A200E6498A /* Launch */ = {
			isa = PBXGroup;
			children = (
				CD6554AE2351B91900E6498A /* AppDelegate.swift */,
				CD6554B02351B91900E6498A /* SceneDelegate.swift */,
			);
			path = Launch;
			sourceTree = "<group>";
		};
		CD6554DF2351D5AF00E6498A /* Views */ = {
			isa = PBXGroup;
			children = (
				CD472F5D237D386700DFCAB7 /* UIKit Wrapper */,
				CDAC6D4123718AE000D68072 /* Containers */,
				CDFA9C492360C2150069C341 /* ViewBuilder.swift */,
				CD6554E22351D5F300E6498A /* Shared */,
				CD6554E12351D5C800E6498A /* modifiers */,
				CD6554E02351D5BC00E6498A /* Components */,
				CD472F4E2379A26B00DFCAB7 /* KingfisherBridge.swift */,
			);
			path = Views;
			sourceTree = "<group>";
		};
		CD6554E02351D5BC00E6498A /* Components */ = {
			isa = PBXGroup;
			children = (
				CD6554E32351D9CF00E6498A /* ProfilView.swift */,
				CD6554E72352533F00E6498A /* MatchesView.swift */,
				CD6554E9235256F900E6498A /* ConversationPreview.swift */,
				CD6554EB235258C900E6498A /* MatchesHome.swift */,
				CD2A6DA02364A5BC00EEDDA5 /* TabBar */,
				CDD7BDB72358960500F28C23 /* LoginView.swift */,
			);
			path = Components;
			sourceTree = "<group>";
		};
		CD6554E12351D5C800E6498A /* modifiers */ = {
			isa = PBXGroup;
			children = (
				CDFA9C41235FA0FE0069C341 /* Draggable */,
			);
			path = modifiers;
			sourceTree = "<group>";
		};
		CD6554E22351D5F300E6498A /* Shared */ = {
			isa = PBXGroup;
			children = (
				CD6554E523524D7C00E6498A /* ImageGallery.swift */,
				CD6554ED23525C5300E6498A /* SearchBar.swift */,
				CDFA9C482360AA420069C341 /* ProfilInfo */,
				CDCF3EDE2369AC77005C876A /* AnimatedPlaceholder.swift */,
				CDDD9752237EF4BD00E462EF /* ActivityIndicator.swift */,
				CDBE2D9623855781006F0DCC /* Callback Wrapper */,
			);
			path = Shared;
			sourceTree = "<group>";
		};
		CD87E01E236EDE3700F75568 /* AddPicture */ = {
			isa = PBXGroup;
			children = (
				CD972D20236E204D0008F022 /* SinglePicture.swift */,
				CDDD9756237EFEE000E462EF /* SinglePictureViewModel.swift */,
			);
			path = AddPicture;
			sourceTree = "<group>";
		};
		CD8C21DC2359EA360036A11F /* state */ = {
			isa = PBXGroup;
			children = (
				CD2A6D9E236466A200EEDDA5 /* Store.swift */,
				CD92B2F62362F607006F0190 /* AppState.swift */,
				CD92B2FC23630986006F0190 /* AccountState.swift */,
				CD2A6DA52364B1DA00EEDDA5 /* SwipingState.swift */,
				CD472F59237C86CD00DFCAB7 /* ProfileUpdateState.swift */,
				CD87E01F23703A4300F75568 /* ConversationState.swift */,
			);
			path = state;
			sourceTree = "<group>";
		};
		CD8C21DD2359EA3F0036A11F /* actions */ = {
			isa = PBXGroup;
			children = (
				CD92B3052363116D006F0190 /* AccountActions.swift */,
				CD2A6DA92364B2A700EEDDA5 /* SwipingActions.swift */,
				CD4890BB23746BC400AD57CD /* LocationAction.swift */,
				CD472F5B237C86F600DFCAB7 /* ProfileUpdateActions.swift */,
			);
			path = actions;
			sourceTree = "<group>";
		};
		CD8C21DE2359EA6F0036A11F /* reducers */ = {
			isa = PBXGroup;
			children = (
				CD92B2FA23630135006F0190 /* AppReducer.swift */,
				CD92B30023630C03006F0190 /* AccountReducer.swift */,
				CD2A6DA72364B25B00EEDDA5 /* SwipingReducer.swift */,
				CD472F60237D3C3500DFCAB7 /* ProfileUpdateReducer.swift */,
			);
			path = reducers;
			sourceTree = "<group>";
		};
		CD92B30223630DD2006F0190 /* middlewares */ = {
			isa = PBXGroup;
			children = (
				CD4890BD23746BFB00AD57CD /* VMiddlewareProvider.swift */,
				CD972D1E236DE85A0008F022 /* FirebaseMiddleware.swift */,
				CD4890B923746B9700AD57CD /* MiddlewareProvider.swift */,
			);
			path = middlewares;
			sourceTree = "<group>";
		};
		CD93AE73238DABBB00CA5683 /* MatchesContainer */ = {
			isa = PBXGroup;
			children = (
				CD93AE7A238DAC7900CA5683 /* MatchView.swift */,
				CD7C6F8723A7A0E1002AEC3E /* MatchesRowView.swift */,
				CD7C6F8523A79C8F002AEC3E /* MatchesContainer.swift */,
			);
			path = MatchesContainer;
			sourceTree = "<group>";
		};
		CD972D0A236C57B70008F022 /* ProfileUpdate */ = {
			isa = PBXGroup;
			children = (
				CD972D0B236C57E90008F022 /* ProfileUpdate.swift */,
				CD972D0D236C580A0008F022 /* ProfilUpdating.swift */,
				CD972D0F236C58230008F022 /* FirebaseProfilUpdater.swift */,
			);
			path = ProfileUpdate;
			sourceTree = "<group>";
		};
		CD972D11236C8BF60008F022 /* ProfileReader */ = {
			isa = PBXGroup;
			children = (
				CD972D14236C8EB20008F022 /* ProfileReading.swift */,
				CD972D16236C8ECD0008F022 /* FirebaseProfileReader.swift */,
			);
			path = ProfileReader;
			sourceTree = "<group>";
		};
		CDAC6D4123718AE000D68072 /* Containers */ = {
			isa = PBXGroup;
			children = (
				CD93AE73238DABBB00CA5683 /* MatchesContainer */,
				CD2432A623787352004C916F /* ProfilContainer */,
				CDFA9C38235F9BD50069C341 /* ExplorerContainer */,
			);
			path = Containers;
			sourceTree = "<group>";
		};
		CDBE2D902382C866006F0DCC /* AddBiography */ = {
			isa = PBXGroup;
			children = (
				CDBE2D912382C888006F0DCC /* AddBiography.swift */,
				CD93AE74238DABE400CA5683 /* AddBioViewModel.swift */,
				CD93AE76238DAC0400CA5683 /* RecordBioAudio.swift */,
				CD93AE78238DAC2800CA5683 /* BioView.swift */,
			);
			path = AddBiography;
			sourceTree = "<group>";
		};
		CDBE2D932384192D006F0DCC /* Record */ = {
			isa = PBXGroup;
			children = (
				CDBE2D9423841950006F0DCC /* RecordView.swift */,
			);
			path = Record;
			sourceTree = "<group>";
		};
		CDBE2D9623855781006F0DCC /* Callback Wrapper */ = {
			isa = PBXGroup;
			children = (
				CDDD9758237F1BC200E462EF /* PickerWrapper.swift */,
				CDBE2D972386BD98006F0DCC /* DatePickerWrapper.swift */,
				CDBE2D992386BDB3006F0DCC /* TextFieldWrapper.swift */,
			);
			path = "Callback Wrapper";
			sourceTree = "<group>";
		};
		CDFA9C38235F9BD50069C341 /* ExplorerContainer */ = {
			isa = PBXGroup;
			children = (
				CDD7BDAD235864EE00F28C23 /* ExplorerContainer.swift */,
				CDFA9C39235F9BF10069C341 /* ExplorerViewModel.swift */,
				CD2432A52378728B004C916F /* Views */,
				CD92B2F423621CF1006F0190 /* Swiping.swift */,
			);
			path = ExplorerContainer;
			sourceTree = "<group>";
		};
		CDFA9C41235FA0FE0069C341 /* Draggable */ = {
			isa = PBXGroup;
			children = (
				CDFA9C3D235FA0AC0069C341 /* Draggable.swift */,
				CDFA9C3F235FA0ED0069C341 /* View+Draggable.swift */,
			);
			path = Draggable;
			sourceTree = "<group>";
		};
		CDFA9C482360AA420069C341 /* ProfilInfo */ = {
			isa = PBXGroup;
			children = (
				CDFA9C442360A5DE0069C341 /* ProfilInfoView.swift */,
				CD2A6DAD2364E9E000EEDDA5 /* ViewModels */,
			);
			path = ProfilInfo;
			sourceTree = "<group>";
		};
/* End PBXGroup section */

/* Begin PBXNativeTarget section */
		CD6554AA2351B91900E6498A /* Vinder */ = {
			isa = PBXNativeTarget;
			buildConfigurationList = CD6554D52351B91B00E6498A /* Build configuration list for PBXNativeTarget "Vinder" */;
			buildPhases = (
				99CB7989A0AAF89FDD5B3FD1 /* [CP] Check Pods Manifest.lock */,
				CD6554A72351B91900E6498A /* Sources */,
				CD6554A82351B91900E6498A /* Frameworks */,
				CD6554A92351B91900E6498A /* Resources */,
				15AFB0B9A7EF8E4CFF6B697C /* [CP] Embed Pods Frameworks */,
				F7959D3BFC6D54033FA1A51C /* [CP] Copy Pods Resources */,
			);
			buildRules = (
			);
			dependencies = (
			);
			name = Vinder;
			packageProductDependencies = (
				CD24420D235327AC00C357EE /* SwiftUIFlux */,
				CDAC6D3F2371597200D68072 /* SwiftDux */,
				CD7C6F8A23A901F6002AEC3E /* ASCollectionView */,
			);
			productName = Vinder;
			productReference = CD6554AB2351B91900E6498A /* Vinder.app */;
			productType = "com.apple.product-type.application";
		};
		CD6554C02351B91B00E6498A /* VinderTests */ = {
			isa = PBXNativeTarget;
			buildConfigurationList = CD6554D82351B91B00E6498A /* Build configuration list for PBXNativeTarget "VinderTests" */;
			buildPhases = (
				56782AC7E190B1A2A7C58E16 /* [CP] Check Pods Manifest.lock */,
				CD6554BD2351B91B00E6498A /* Sources */,
				CD6554BE2351B91B00E6498A /* Frameworks */,
				CD6554BF2351B91B00E6498A /* Resources */,
			);
			buildRules = (
			);
			dependencies = (
				CD6554C32351B91B00E6498A /* PBXTargetDependency */,
			);
			name = VinderTests;
			productName = VinderTests;
			productReference = CD6554C12351B91B00E6498A /* VinderTests.xctest */;
			productType = "com.apple.product-type.bundle.unit-test";
		};
		CD6554CB2351B91B00E6498A /* VinderUITests */ = {
			isa = PBXNativeTarget;
			buildConfigurationList = CD6554DB2351B91B00E6498A /* Build configuration list for PBXNativeTarget "VinderUITests" */;
			buildPhases = (
				886646C458F9B26D66837CA7 /* [CP] Check Pods Manifest.lock */,
				CD6554C82351B91B00E6498A /* Sources */,
				CD6554C92351B91B00E6498A /* Frameworks */,
				CD6554CA2351B91B00E6498A /* Resources */,
			);
			buildRules = (
			);
			dependencies = (
				CD6554CE2351B91B00E6498A /* PBXTargetDependency */,
			);
			name = VinderUITests;
			productName = VinderUITests;
			productReference = CD6554CC2351B91B00E6498A /* VinderUITests.xctest */;
			productType = "com.apple.product-type.bundle.ui-testing";
		};
/* End PBXNativeTarget section */

/* Begin PBXProject section */
		CD6554A32351B91900E6498A /* Project object */ = {
			isa = PBXProject;
			attributes = {
				LastSwiftUpdateCheck = 1100;
				LastUpgradeCheck = 1100;
				ORGANIZATIONNAME = "Patrick Fischer";
				TargetAttributes = {
					CD6554AA2351B91900E6498A = {
						CreatedOnToolsVersion = 11.0;
					};
					CD6554C02351B91B00E6498A = {
						CreatedOnToolsVersion = 11.0;
						TestTargetID = CD6554AA2351B91900E6498A;
					};
					CD6554CB2351B91B00E6498A = {
						CreatedOnToolsVersion = 11.0;
						TestTargetID = CD6554AA2351B91900E6498A;
					};
				};
			};
			buildConfigurationList = CD6554A62351B91900E6498A /* Build configuration list for PBXProject "Vinder" */;
			compatibilityVersion = "Xcode 9.3";
			developmentRegion = en;
			hasScannedForEncodings = 0;
			knownRegions = (
				en,
				Base,
			);
			mainGroup = CD6554A22351B91900E6498A;
			packageReferences = (
				CD24420C235327AC00C357EE /* XCRemoteSwiftPackageReference "SwiftUIFlux" */,
				CDAC6D3E2371597200D68072 /* XCRemoteSwiftPackageReference "SwiftDux" */,
				CD7C6F8923A901F6002AEC3E /* XCRemoteSwiftPackageReference "ASCollectionView" */,
			);
			productRefGroup = CD6554AC2351B91900E6498A /* Products */;
			projectDirPath = "";
			projectRoot = "";
			targets = (
				CD6554AA2351B91900E6498A /* Vinder */,
				CD6554C02351B91B00E6498A /* VinderTests */,
				CD6554CB2351B91B00E6498A /* VinderUITests */,
			);
		};
/* End PBXProject section */

/* Begin PBXResourcesBuildPhase section */
		CD6554A92351B91900E6498A /* Resources */ = {
			isa = PBXResourcesBuildPhase;
			buildActionMask = 2147483647;
			files = (
				CDD7BDAC2358610500F28C23 /* README.md in Resources */,
				CD6554BB2351B91B00E6498A /* LaunchScreen.storyboard in Resources */,
				CDD7BDB6235891D300F28C23 /* GoogleService-Info.plist in Resources */,
				CD6554B82351B91B00E6498A /* Preview Assets.xcassets in Resources */,
				CD6554B52351B91B00E6498A /* Assets.xcassets in Resources */,
			);
			runOnlyForDeploymentPostprocessing = 0;
		};
		CD6554BF2351B91B00E6498A /* Resources */ = {
			isa = PBXResourcesBuildPhase;
			buildActionMask = 2147483647;
			files = (
			);
			runOnlyForDeploymentPostprocessing = 0;
		};
		CD6554CA2351B91B00E6498A /* Resources */ = {
			isa = PBXResourcesBuildPhase;
			buildActionMask = 2147483647;
			files = (
			);
			runOnlyForDeploymentPostprocessing = 0;
		};
/* End PBXResourcesBuildPhase section */

/* Begin PBXShellScriptBuildPhase section */
		15AFB0B9A7EF8E4CFF6B697C /* [CP] Embed Pods Frameworks */ = {
			isa = PBXShellScriptBuildPhase;
			buildActionMask = 2147483647;
			files = (
			);
			inputFileListPaths = (
				"${PODS_ROOT}/Target Support Files/Pods-Vinder/Pods-Vinder-frameworks-${CONFIGURATION}-input-files.xcfilelist",
			);
			name = "[CP] Embed Pods Frameworks";
			outputFileListPaths = (
				"${PODS_ROOT}/Target Support Files/Pods-Vinder/Pods-Vinder-frameworks-${CONFIGURATION}-output-files.xcfilelist",
			);
			runOnlyForDeploymentPostprocessing = 0;
			shellPath = /bin/sh;
			shellScript = "\"${PODS_ROOT}/Target Support Files/Pods-Vinder/Pods-Vinder-frameworks.sh\"\n";
			showEnvVarsInLog = 0;
		};
		56782AC7E190B1A2A7C58E16 /* [CP] Check Pods Manifest.lock */ = {
			isa = PBXShellScriptBuildPhase;
			buildActionMask = 2147483647;
			files = (
			);
			inputFileListPaths = (
			);
			inputPaths = (
				"${PODS_PODFILE_DIR_PATH}/Podfile.lock",
				"${PODS_ROOT}/Manifest.lock",
			);
			name = "[CP] Check Pods Manifest.lock";
			outputFileListPaths = (
			);
			outputPaths = (
				"$(DERIVED_FILE_DIR)/Pods-VinderTests-checkManifestLockResult.txt",
			);
			runOnlyForDeploymentPostprocessing = 0;
			shellPath = /bin/sh;
			shellScript = "diff \"${PODS_PODFILE_DIR_PATH}/Podfile.lock\" \"${PODS_ROOT}/Manifest.lock\" > /dev/null\nif [ $? != 0 ] ; then\n    # print error to STDERR\n    echo \"error: The sandbox is not in sync with the Podfile.lock. Run 'pod install' or update your CocoaPods installation.\" >&2\n    exit 1\nfi\n# This output is used by Xcode 'outputs' to avoid re-running this script phase.\necho \"SUCCESS\" > \"${SCRIPT_OUTPUT_FILE_0}\"\n";
			showEnvVarsInLog = 0;
		};
		886646C458F9B26D66837CA7 /* [CP] Check Pods Manifest.lock */ = {
			isa = PBXShellScriptBuildPhase;
			buildActionMask = 2147483647;
			files = (
			);
			inputFileListPaths = (
			);
			inputPaths = (
				"${PODS_PODFILE_DIR_PATH}/Podfile.lock",
				"${PODS_ROOT}/Manifest.lock",
			);
			name = "[CP] Check Pods Manifest.lock";
			outputFileListPaths = (
			);
			outputPaths = (
				"$(DERIVED_FILE_DIR)/Pods-VinderUITests-checkManifestLockResult.txt",
			);
			runOnlyForDeploymentPostprocessing = 0;
			shellPath = /bin/sh;
			shellScript = "diff \"${PODS_PODFILE_DIR_PATH}/Podfile.lock\" \"${PODS_ROOT}/Manifest.lock\" > /dev/null\nif [ $? != 0 ] ; then\n    # print error to STDERR\n    echo \"error: The sandbox is not in sync with the Podfile.lock. Run 'pod install' or update your CocoaPods installation.\" >&2\n    exit 1\nfi\n# This output is used by Xcode 'outputs' to avoid re-running this script phase.\necho \"SUCCESS\" > \"${SCRIPT_OUTPUT_FILE_0}\"\n";
			showEnvVarsInLog = 0;
		};
		99CB7989A0AAF89FDD5B3FD1 /* [CP] Check Pods Manifest.lock */ = {
			isa = PBXShellScriptBuildPhase;
			buildActionMask = 2147483647;
			files = (
			);
			inputFileListPaths = (
			);
			inputPaths = (
				"${PODS_PODFILE_DIR_PATH}/Podfile.lock",
				"${PODS_ROOT}/Manifest.lock",
			);
			name = "[CP] Check Pods Manifest.lock";
			outputFileListPaths = (
			);
			outputPaths = (
				"$(DERIVED_FILE_DIR)/Pods-Vinder-checkManifestLockResult.txt",
			);
			runOnlyForDeploymentPostprocessing = 0;
			shellPath = /bin/sh;
			shellScript = "diff \"${PODS_PODFILE_DIR_PATH}/Podfile.lock\" \"${PODS_ROOT}/Manifest.lock\" > /dev/null\nif [ $? != 0 ] ; then\n    # print error to STDERR\n    echo \"error: The sandbox is not in sync with the Podfile.lock. Run 'pod install' or update your CocoaPods installation.\" >&2\n    exit 1\nfi\n# This output is used by Xcode 'outputs' to avoid re-running this script phase.\necho \"SUCCESS\" > \"${SCRIPT_OUTPUT_FILE_0}\"\n";
			showEnvVarsInLog = 0;
		};
		F7959D3BFC6D54033FA1A51C /* [CP] Copy Pods Resources */ = {
			isa = PBXShellScriptBuildPhase;
			buildActionMask = 2147483647;
			files = (
			);
			inputFileListPaths = (
				"${PODS_ROOT}/Target Support Files/Pods-Vinder/Pods-Vinder-resources-${CONFIGURATION}-input-files.xcfilelist",
			);
			name = "[CP] Copy Pods Resources";
			outputFileListPaths = (
				"${PODS_ROOT}/Target Support Files/Pods-Vinder/Pods-Vinder-resources-${CONFIGURATION}-output-files.xcfilelist",
			);
			runOnlyForDeploymentPostprocessing = 0;
			shellPath = /bin/sh;
			shellScript = "\"${PODS_ROOT}/Target Support Files/Pods-Vinder/Pods-Vinder-resources.sh\"\n";
			showEnvVarsInLog = 0;
		};
/* End PBXShellScriptBuildPhase section */

/* Begin PBXSourcesBuildPhase section */
		CD6554A72351B91900E6498A /* Sources */ = {
			isa = PBXSourcesBuildPhase;
			buildActionMask = 2147483647;
			files = (
				CDDD9753237EF4BD00E462EF /* ActivityIndicator.swift in Sources */,
				CD93AE6E238D9FFB00CA5683 /* AudioPlaying.swift in Sources */,
				CD7C6F8823A7A0E1002AEC3E /* MatchesRowView.swift in Sources */,
				CDD7BDAA2355202000F28C23 /* AudioService.swift in Sources */,
				CDFA9C40235FA0ED0069C341 /* View+Draggable.swift in Sources */,
				CD6554AF2351B91900E6498A /* AppDelegate.swift in Sources */,
				CD27F65F2358AEA1005224C9 /* FUIAuthBaseViewControllerWrapper.swift in Sources */,
				CD2A6D9F236466A200EEDDA5 /* Store.swift in Sources */,
				CD24421B2354801C00C357EE /* Account.swift in Sources */,
				CD24421723547FD600C357EE /* CRUD.swift in Sources */,
				CD6554E623524D7C00E6498A /* ImageGallery.swift in Sources */,
				CD93AE7B238DAC7900CA5683 /* MatchView.swift in Sources */,
				CDBE2D9A2386BDB3006F0DCC /* TextFieldWrapper.swift in Sources */,
				CD6554EC235258C900E6498A /* MatchesHome.swift in Sources */,
				CD472F5F237D388700DFCAB7 /* ImagePickerWrapper.swift in Sources */,
				CD87E02023703A4300F75568 /* ConversationState.swift in Sources */,
				CD93AE75238DABE400CA5683 /* AddBioViewModel.swift in Sources */,
				CD6554B12351B91900E6498A /* SceneDelegate.swift in Sources */,
				CD972D17236C8ECD0008F022 /* FirebaseProfileReader.swift in Sources */,
				CDD7BDA823551EE100F28C23 /* FirebaseDataService.swift in Sources */,
				CD472F68237ED2A000DFCAB7 /* MediumType.swift in Sources */,
				CDFA9C472360AA3A0069C341 /* ProfilInfoViewModel.swift in Sources */,
				CD4890BC23746BC400AD57CD /* LocationAction.swift in Sources */,
				CDDD9759237F1BC200E462EF /* PickerWrapper.swift in Sources */,
				CDFA9C4A2360C2150069C341 /* ViewBuilder.swift in Sources */,
				CD472F65237ED24A00DFCAB7 /* MediumNetworking.swift in Sources */,
				CD2A6DA62364B1DA00EEDDA5 /* SwipingState.swift in Sources */,
				CDCA463F2370653E00E72C6C /* TrackLocation.swift in Sources */,
				CD92B3062363116D006F0190 /* AccountActions.swift in Sources */,
				CD92B2FB23630135006F0190 /* AppReducer.swift in Sources */,
				CD472F5A237C86CD00DFCAB7 /* ProfileUpdateState.swift in Sources */,
				CDCF3EDF2369AC77005C876A /* AnimatedPlaceholder.swift in Sources */,
				CDD7BDB423588C9300F28C23 /* FirebaseAuthentication.swift in Sources */,
				CDBE2D9523841950006F0DCC /* RecordView.swift in Sources */,
				CDD7BDB223588B5C00F28C23 /* Authentication.swift in Sources */,
				CD2A6DA22364A5D500EEDDA5 /* TabBarItem.swift in Sources */,
				CD6554EA235256F900E6498A /* ConversationPreview.swift in Sources */,
				CD24421D2354802B00C357EE /* Profile.swift in Sources */,
				CD472F4F2379A26B00DFCAB7 /* KingfisherBridge.swift in Sources */,
				CD972D21236E204D0008F022 /* SinglePicture.swift in Sources */,
				CD6554EE23525C5300E6498A /* SearchBar.swift in Sources */,
				CD92B2F523621CF1006F0190 /* Swiping.swift in Sources */,
				CD472F61237D3C3500DFCAB7 /* ProfileUpdateReducer.swift in Sources */,
				CD972D13236C8DBB0008F022 /* FirebaseConstants.swift in Sources */,
				CDD7BDB82358960500F28C23 /* LoginView.swift in Sources */,
				CD972D15236C8EB20008F022 /* ProfileReading.swift in Sources */,
				CD972D1F236DE85A0008F022 /* FirebaseMiddleware.swift in Sources */,
				CD972D0E236C580A0008F022 /* ProfilUpdating.swift in Sources */,
				CD92B2F72362F607006F0190 /* AppState.swift in Sources */,
				CDD7BDAE235864EE00F28C23 /* ExplorerContainer.swift in Sources */,
				CDD7BDB023586C0400F28C23 /* TabBarView.swift in Sources */,
				CDFA9C3A235F9BF10069C341 /* ExplorerViewModel.swift in Sources */,
				CDBE2D982386BD98006F0DCC /* DatePickerWrapper.swift in Sources */,
				CD4890BE23746BFB00AD57CD /* VMiddlewareProvider.swift in Sources */,
				CD2442252354997400C357EE /* Matching.swift in Sources */,
				CD24422823549C1300C357EE /* AudioRecorder.swift in Sources */,
				CD2A6DAA2364B2A700EEDDA5 /* SwipingActions.swift in Sources */,
				CD92B2F1236209A8006F0190 /* SwipingIconView.swift in Sources */,
				CD472F63237ED23100DFCAB7 /* DataNetworking.swift in Sources */,
				CD92B30123630C03006F0190 /* AccountReducer.swift in Sources */,
				CD24422A2354E33100C357EE /* ImageService.swift in Sources */,
				CD4890BA23746B9700AD57CD /* MiddlewareProvider.swift in Sources */,
				CDBE2D922382C888006F0DCC /* AddBiography.swift in Sources */,
				CD6554E42351D9CF00E6498A /* ProfilView.swift in Sources */,
				CD472F562379FFE100DFCAB7 /* AddPictureContainer.swift in Sources */,
				CD7C6F8623A79C8F002AEC3E /* MatchesContainer.swift in Sources */,
				CD6554E82352533F00E6498A /* MatchesView.swift in Sources */,
				CD6554B32351B91900E6498A /* ContentView.swift in Sources */,
				CD2A6DA42364A64600EEDDA5 /* TabBarViewModel.swift in Sources */,
				CD24421F2354803900C357EE /* Conversation.swift in Sources */,
				CDFA9C3E235FA0AC0069C341 /* Draggable.swift in Sources */,
				CDDD9757237EFEE000E462EF /* SinglePictureViewModel.swift in Sources */,
				CD3B85E5236860AC0007C0D4 /* SwipeableView.swift in Sources */,
				CD93AE70238DA02300CA5683 /* AudioPlayer.swift in Sources */,
				CD972D10236C58230008F022 /* FirebaseProfilUpdater.swift in Sources */,
				CD93AE79238DAC2800CA5683 /* BioView.swift in Sources */,
				CD472F522379F43D00DFCAB7 /* Extension+Array.swift in Sources */,
				CD2442212354804700C357EE /* Message.swift in Sources */,
				CD472F6A237ED2C700DFCAB7 /* DataServiceConfig.swift in Sources */,
				CDDD9755237EF93A00E462EF /* ImageProcessingStatus.swift in Sources */,
				CDFA9C432360A2F60069C341 /* CardView.swift in Sources */,
				CDFA9C452360A5DE0069C341 /* ProfilInfoView.swift in Sources */,
				CD972D0C236C57E90008F022 /* ProfileUpdate.swift in Sources */,
				CD93AE72238DA04C00CA5683 /* AudioRecording.swift in Sources */,
				CD472F5C237C86F600DFCAB7 /* ProfileUpdateActions.swift in Sources */,
				CD2442232354976300C357EE /* MatchProfile.swift in Sources */,
				CD93AE77238DAC0400CA5683 /* RecordBioAudio.swift in Sources */,
				CD2A6DA82364B25B00EEDDA5 /* SwipingReducer.swift in Sources */,
				CD92B2FD23630986006F0190 /* AccountState.swift in Sources */,
				CD472F542379F89B00DFCAB7 /* ProfilContainer.swift in Sources */,
			);
			runOnlyForDeploymentPostprocessing = 0;
		};
		CD6554BD2351B91B00E6498A /* Sources */ = {
			isa = PBXSourcesBuildPhase;
			buildActionMask = 2147483647;
			files = (
				CD6554C62351B91B00E6498A /* VinderTests.swift in Sources */,
			);
			runOnlyForDeploymentPostprocessing = 0;
		};
		CD6554C82351B91B00E6498A /* Sources */ = {
			isa = PBXSourcesBuildPhase;
			buildActionMask = 2147483647;
			files = (
				CD6554D12351B91B00E6498A /* VinderUITests.swift in Sources */,
			);
			runOnlyForDeploymentPostprocessing = 0;
		};
/* End PBXSourcesBuildPhase section */

/* Begin PBXTargetDependency section */
		CD6554C32351B91B00E6498A /* PBXTargetDependency */ = {
			isa = PBXTargetDependency;
			target = CD6554AA2351B91900E6498A /* Vinder */;
			targetProxy = CD6554C22351B91B00E6498A /* PBXContainerItemProxy */;
		};
		CD6554CE2351B91B00E6498A /* PBXTargetDependency */ = {
			isa = PBXTargetDependency;
			target = CD6554AA2351B91900E6498A /* Vinder */;
			targetProxy = CD6554CD2351B91B00E6498A /* PBXContainerItemProxy */;
		};
/* End PBXTargetDependency section */

/* Begin PBXVariantGroup section */
		CD6554B92351B91B00E6498A /* LaunchScreen.storyboard */ = {
			isa = PBXVariantGroup;
			children = (
				CD6554BA2351B91B00E6498A /* Base */,
			);
			name = LaunchScreen.storyboard;
			sourceTree = "<group>";
		};
/* End PBXVariantGroup section */

/* Begin XCBuildConfiguration section */
		CD6554D32351B91B00E6498A /* Debug */ = {
			isa = XCBuildConfiguration;
			buildSettings = {
				ALWAYS_SEARCH_USER_PATHS = NO;
				CLANG_ANALYZER_NONNULL = YES;
				CLANG_ANALYZER_NUMBER_OBJECT_CONVERSION = YES_AGGRESSIVE;
				CLANG_CXX_LANGUAGE_STANDARD = "gnu++14";
				CLANG_CXX_LIBRARY = "libc++";
				CLANG_ENABLE_MODULES = YES;
				CLANG_ENABLE_OBJC_ARC = YES;
				CLANG_ENABLE_OBJC_WEAK = YES;
				CLANG_WARN_BLOCK_CAPTURE_AUTORELEASING = YES;
				CLANG_WARN_BOOL_CONVERSION = YES;
				CLANG_WARN_COMMA = YES;
				CLANG_WARN_CONSTANT_CONVERSION = YES;
				CLANG_WARN_DEPRECATED_OBJC_IMPLEMENTATIONS = YES;
				CLANG_WARN_DIRECT_OBJC_ISA_USAGE = YES_ERROR;
				CLANG_WARN_DOCUMENTATION_COMMENTS = YES;
				CLANG_WARN_EMPTY_BODY = YES;
				CLANG_WARN_ENUM_CONVERSION = YES;
				CLANG_WARN_INFINITE_RECURSION = YES;
				CLANG_WARN_INT_CONVERSION = YES;
				CLANG_WARN_NON_LITERAL_NULL_CONVERSION = YES;
				CLANG_WARN_OBJC_IMPLICIT_RETAIN_SELF = YES;
				CLANG_WARN_OBJC_LITERAL_CONVERSION = YES;
				CLANG_WARN_OBJC_ROOT_CLASS = YES_ERROR;
				CLANG_WARN_RANGE_LOOP_ANALYSIS = YES;
				CLANG_WARN_STRICT_PROTOTYPES = YES;
				CLANG_WARN_SUSPICIOUS_MOVE = YES;
				CLANG_WARN_UNGUARDED_AVAILABILITY = YES_AGGRESSIVE;
				CLANG_WARN_UNREACHABLE_CODE = YES;
				CLANG_WARN__DUPLICATE_METHOD_MATCH = YES;
				COPY_PHASE_STRIP = NO;
				DEBUG_INFORMATION_FORMAT = dwarf;
				ENABLE_STRICT_OBJC_MSGSEND = YES;
				ENABLE_TESTABILITY = YES;
				GCC_C_LANGUAGE_STANDARD = gnu11;
				GCC_DYNAMIC_NO_PIC = NO;
				GCC_NO_COMMON_BLOCKS = YES;
				GCC_OPTIMIZATION_LEVEL = 0;
				GCC_PREPROCESSOR_DEFINITIONS = (
					"DEBUG=1",
					"$(inherited)",
				);
				GCC_WARN_64_TO_32_BIT_CONVERSION = YES;
				GCC_WARN_ABOUT_RETURN_TYPE = YES_ERROR;
				GCC_WARN_UNDECLARED_SELECTOR = YES;
				GCC_WARN_UNINITIALIZED_AUTOS = YES_AGGRESSIVE;
				GCC_WARN_UNUSED_FUNCTION = YES;
				GCC_WARN_UNUSED_VARIABLE = YES;
				IPHONEOS_DEPLOYMENT_TARGET = 13.0;
				MTL_ENABLE_DEBUG_INFO = INCLUDE_SOURCE;
				MTL_FAST_MATH = YES;
				ONLY_ACTIVE_ARCH = YES;
				SDKROOT = iphoneos;
				SWIFT_ACTIVE_COMPILATION_CONDITIONS = DEBUG;
				SWIFT_OPTIMIZATION_LEVEL = "-Onone";
			};
			name = Debug;
		};
		CD6554D42351B91B00E6498A /* Release */ = {
			isa = XCBuildConfiguration;
			buildSettings = {
				ALWAYS_SEARCH_USER_PATHS = NO;
				CLANG_ANALYZER_NONNULL = YES;
				CLANG_ANALYZER_NUMBER_OBJECT_CONVERSION = YES_AGGRESSIVE;
				CLANG_CXX_LANGUAGE_STANDARD = "gnu++14";
				CLANG_CXX_LIBRARY = "libc++";
				CLANG_ENABLE_MODULES = YES;
				CLANG_ENABLE_OBJC_ARC = YES;
				CLANG_ENABLE_OBJC_WEAK = YES;
				CLANG_WARN_BLOCK_CAPTURE_AUTORELEASING = YES;
				CLANG_WARN_BOOL_CONVERSION = YES;
				CLANG_WARN_COMMA = YES;
				CLANG_WARN_CONSTANT_CONVERSION = YES;
				CLANG_WARN_DEPRECATED_OBJC_IMPLEMENTATIONS = YES;
				CLANG_WARN_DIRECT_OBJC_ISA_USAGE = YES_ERROR;
				CLANG_WARN_DOCUMENTATION_COMMENTS = YES;
				CLANG_WARN_EMPTY_BODY = YES;
				CLANG_WARN_ENUM_CONVERSION = YES;
				CLANG_WARN_INFINITE_RECURSION = YES;
				CLANG_WARN_INT_CONVERSION = YES;
				CLANG_WARN_NON_LITERAL_NULL_CONVERSION = YES;
				CLANG_WARN_OBJC_IMPLICIT_RETAIN_SELF = YES;
				CLANG_WARN_OBJC_LITERAL_CONVERSION = YES;
				CLANG_WARN_OBJC_ROOT_CLASS = YES_ERROR;
				CLANG_WARN_RANGE_LOOP_ANALYSIS = YES;
				CLANG_WARN_STRICT_PROTOTYPES = YES;
				CLANG_WARN_SUSPICIOUS_MOVE = YES;
				CLANG_WARN_UNGUARDED_AVAILABILITY = YES_AGGRESSIVE;
				CLANG_WARN_UNREACHABLE_CODE = YES;
				CLANG_WARN__DUPLICATE_METHOD_MATCH = YES;
				COPY_PHASE_STRIP = NO;
				DEBUG_INFORMATION_FORMAT = "dwarf-with-dsym";
				ENABLE_NS_ASSERTIONS = NO;
				ENABLE_STRICT_OBJC_MSGSEND = YES;
				GCC_C_LANGUAGE_STANDARD = gnu11;
				GCC_NO_COMMON_BLOCKS = YES;
				GCC_WARN_64_TO_32_BIT_CONVERSION = YES;
				GCC_WARN_ABOUT_RETURN_TYPE = YES_ERROR;
				GCC_WARN_UNDECLARED_SELECTOR = YES;
				GCC_WARN_UNINITIALIZED_AUTOS = YES_AGGRESSIVE;
				GCC_WARN_UNUSED_FUNCTION = YES;
				GCC_WARN_UNUSED_VARIABLE = YES;
				IPHONEOS_DEPLOYMENT_TARGET = 13.0;
				MTL_ENABLE_DEBUG_INFO = NO;
				MTL_FAST_MATH = YES;
				SDKROOT = iphoneos;
				SWIFT_COMPILATION_MODE = wholemodule;
				SWIFT_OPTIMIZATION_LEVEL = "-O";
				VALIDATE_PRODUCT = YES;
			};
			name = Release;
		};
		CD6554D62351B91B00E6498A /* Debug */ = {
			isa = XCBuildConfiguration;
			baseConfigurationReference = 971FBF70B77F9A2E127214AF /* Pods-Vinder.debug.xcconfig */;
			buildSettings = {
				ASSETCATALOG_COMPILER_APPICON_NAME = AppIcon;
				CODE_SIGN_STYLE = Automatic;
				DEVELOPMENT_ASSET_PATHS = "\"Vinder/Preview Content\"";
				DEVELOPMENT_TEAM = E9D9FQMNFD;
				ENABLE_PREVIEWS = YES;
				INFOPLIST_FILE = Vinder/Info.plist;
				LD_RUNPATH_SEARCH_PATHS = (
					"$(inherited)",
					"@executable_path/Frameworks",
				);
				PRODUCT_BUNDLE_IDENTIFIER = Patrick.Fischer.Vinder;
				PRODUCT_NAME = "$(TARGET_NAME)";
				SWIFT_VERSION = 5.0;
				TARGETED_DEVICE_FAMILY = "1,2";
			};
			name = Debug;
		};
		CD6554D72351B91B00E6498A /* Release */ = {
			isa = XCBuildConfiguration;
			baseConfigurationReference = 59CCEF8BD81E25EA9263963F /* Pods-Vinder.release.xcconfig */;
			buildSettings = {
				ASSETCATALOG_COMPILER_APPICON_NAME = AppIcon;
				CODE_SIGN_STYLE = Automatic;
				DEVELOPMENT_ASSET_PATHS = "\"Vinder/Preview Content\"";
				DEVELOPMENT_TEAM = E9D9FQMNFD;
				ENABLE_PREVIEWS = YES;
				INFOPLIST_FILE = Vinder/Info.plist;
				LD_RUNPATH_SEARCH_PATHS = (
					"$(inherited)",
					"@executable_path/Frameworks",
				);
				PRODUCT_BUNDLE_IDENTIFIER = Patrick.Fischer.Vinder;
				PRODUCT_NAME = "$(TARGET_NAME)";
				SWIFT_VERSION = 5.0;
				TARGETED_DEVICE_FAMILY = "1,2";
			};
			name = Release;
		};
		CD6554D92351B91B00E6498A /* Debug */ = {
			isa = XCBuildConfiguration;
			baseConfigurationReference = 0BB4BDA681FB042E1838F992 /* Pods-VinderTests.debug.xcconfig */;
			buildSettings = {
				ALWAYS_EMBED_SWIFT_STANDARD_LIBRARIES = YES;
				BUNDLE_LOADER = "$(TEST_HOST)";
				CODE_SIGN_STYLE = Automatic;
				DEVELOPMENT_TEAM = E9D9FQMNFD;
				INFOPLIST_FILE = VinderTests/Info.plist;
				IPHONEOS_DEPLOYMENT_TARGET = 13.0;
				LD_RUNPATH_SEARCH_PATHS = (
					"$(inherited)",
					"@executable_path/Frameworks",
					"@loader_path/Frameworks",
				);
				PRODUCT_BUNDLE_IDENTIFIER = Patrick.Fischer.VinderTests;
				PRODUCT_NAME = "$(TARGET_NAME)";
				SWIFT_VERSION = 5.0;
				TARGETED_DEVICE_FAMILY = "1,2";
				TEST_HOST = "$(BUILT_PRODUCTS_DIR)/Vinder.app/Vinder";
			};
			name = Debug;
		};
		CD6554DA2351B91B00E6498A /* Release */ = {
			isa = XCBuildConfiguration;
			baseConfigurationReference = D5B2104FB81B44AA9396BC23 /* Pods-VinderTests.release.xcconfig */;
			buildSettings = {
				ALWAYS_EMBED_SWIFT_STANDARD_LIBRARIES = YES;
				BUNDLE_LOADER = "$(TEST_HOST)";
				CODE_SIGN_STYLE = Automatic;
				DEVELOPMENT_TEAM = E9D9FQMNFD;
				INFOPLIST_FILE = VinderTests/Info.plist;
				IPHONEOS_DEPLOYMENT_TARGET = 13.0;
				LD_RUNPATH_SEARCH_PATHS = (
					"$(inherited)",
					"@executable_path/Frameworks",
					"@loader_path/Frameworks",
				);
				PRODUCT_BUNDLE_IDENTIFIER = Patrick.Fischer.VinderTests;
				PRODUCT_NAME = "$(TARGET_NAME)";
				SWIFT_VERSION = 5.0;
				TARGETED_DEVICE_FAMILY = "1,2";
				TEST_HOST = "$(BUILT_PRODUCTS_DIR)/Vinder.app/Vinder";
			};
			name = Release;
		};
		CD6554DC2351B91B00E6498A /* Debug */ = {
			isa = XCBuildConfiguration;
			baseConfigurationReference = EAEE466B152FBBBF6388D24D /* Pods-VinderUITests.debug.xcconfig */;
			buildSettings = {
				ALWAYS_EMBED_SWIFT_STANDARD_LIBRARIES = YES;
				CODE_SIGN_STYLE = Automatic;
				DEVELOPMENT_TEAM = E9D9FQMNFD;
				INFOPLIST_FILE = VinderUITests/Info.plist;
				LD_RUNPATH_SEARCH_PATHS = (
					"$(inherited)",
					"@executable_path/Frameworks",
					"@loader_path/Frameworks",
				);
				PRODUCT_BUNDLE_IDENTIFIER = Patrick.Fischer.VinderUITests;
				PRODUCT_NAME = "$(TARGET_NAME)";
				SWIFT_VERSION = 5.0;
				TARGETED_DEVICE_FAMILY = "1,2";
				TEST_TARGET_NAME = Vinder;
			};
			name = Debug;
		};
		CD6554DD2351B91B00E6498A /* Release */ = {
			isa = XCBuildConfiguration;
			baseConfigurationReference = 622929F74ED5DF23F5A6ED66 /* Pods-VinderUITests.release.xcconfig */;
			buildSettings = {
				ALWAYS_EMBED_SWIFT_STANDARD_LIBRARIES = YES;
				CODE_SIGN_STYLE = Automatic;
				DEVELOPMENT_TEAM = E9D9FQMNFD;
				INFOPLIST_FILE = VinderUITests/Info.plist;
				LD_RUNPATH_SEARCH_PATHS = (
					"$(inherited)",
					"@executable_path/Frameworks",
					"@loader_path/Frameworks",
				);
				PRODUCT_BUNDLE_IDENTIFIER = Patrick.Fischer.VinderUITests;
				PRODUCT_NAME = "$(TARGET_NAME)";
				SWIFT_VERSION = 5.0;
				TARGETED_DEVICE_FAMILY = "1,2";
				TEST_TARGET_NAME = Vinder;
			};
			name = Release;
		};
/* End XCBuildConfiguration section */

/* Begin XCConfigurationList section */
		CD6554A62351B91900E6498A /* Build configuration list for PBXProject "Vinder" */ = {
			isa = XCConfigurationList;
			buildConfigurations = (
				CD6554D32351B91B00E6498A /* Debug */,
				CD6554D42351B91B00E6498A /* Release */,
			);
			defaultConfigurationIsVisible = 0;
			defaultConfigurationName = Release;
		};
		CD6554D52351B91B00E6498A /* Build configuration list for PBXNativeTarget "Vinder" */ = {
			isa = XCConfigurationList;
			buildConfigurations = (
				CD6554D62351B91B00E6498A /* Debug */,
				CD6554D72351B91B00E6498A /* Release */,
			);
			defaultConfigurationIsVisible = 0;
			defaultConfigurationName = Release;
		};
		CD6554D82351B91B00E6498A /* Build configuration list for PBXNativeTarget "VinderTests" */ = {
			isa = XCConfigurationList;
			buildConfigurations = (
				CD6554D92351B91B00E6498A /* Debug */,
				CD6554DA2351B91B00E6498A /* Release */,
			);
			defaultConfigurationIsVisible = 0;
			defaultConfigurationName = Release;
		};
		CD6554DB2351B91B00E6498A /* Build configuration list for PBXNativeTarget "VinderUITests" */ = {
			isa = XCConfigurationList;
			buildConfigurations = (
				CD6554DC2351B91B00E6498A /* Debug */,
				CD6554DD2351B91B00E6498A /* Release */,
			);
			defaultConfigurationIsVisible = 0;
			defaultConfigurationName = Release;
		};
/* End XCConfigurationList section */

/* Begin XCRemoteSwiftPackageReference section */
		CD24420C235327AC00C357EE /* XCRemoteSwiftPackageReference "SwiftUIFlux" */ = {
			isa = XCRemoteSwiftPackageReference;
			repositoryURL = "https://github.com/Dimillian/SwiftUIFlux";
			requirement = {
				kind = upToNextMajorVersion;
				minimumVersion = 0.4.5;
			};
		};
		CD7C6F8923A901F6002AEC3E /* XCRemoteSwiftPackageReference "ASCollectionView" */ = {
			isa = XCRemoteSwiftPackageReference;
			repositoryURL = "https://github.com/apptekstudios/ASCollectionView";
			requirement = {
				kind = upToNextMajorVersion;
				minimumVersion = 1.1.6;
			};
		};
		CDAC6D3E2371597200D68072 /* XCRemoteSwiftPackageReference "SwiftDux" */ = {
			isa = XCRemoteSwiftPackageReference;
			repositoryURL = "https://github.com/StevenLambion/SwiftDux.git";
			requirement = {
				kind = upToNextMajorVersion;
				minimumVersion = 0.11.2;
			};
		};
/* End XCRemoteSwiftPackageReference section */

/* Begin XCSwiftPackageProductDependency section */
		CD24420D235327AC00C357EE /* SwiftUIFlux */ = {
			isa = XCSwiftPackageProductDependency;
			package = CD24420C235327AC00C357EE /* XCRemoteSwiftPackageReference "SwiftUIFlux" */;
			productName = SwiftUIFlux;
		};
		CD7C6F8A23A901F6002AEC3E /* ASCollectionView */ = {
			isa = XCSwiftPackageProductDependency;
			package = CD7C6F8923A901F6002AEC3E /* XCRemoteSwiftPackageReference "ASCollectionView" */;
			productName = ASCollectionView;
		};
		CDAC6D3F2371597200D68072 /* SwiftDux */ = {
			isa = XCSwiftPackageProductDependency;
			package = CDAC6D3E2371597200D68072 /* XCRemoteSwiftPackageReference "SwiftDux" */;
			productName = SwiftDux;
		};
/* End XCSwiftPackageProductDependency section */
	};
	rootObject = CD6554A32351B91900E6498A /* Project object */;
}
